// !$*UTF8*$!
{
	archiveVersion = 1;
	classes = {
	};
	objectVersion = 46;
	objects = {

/* Begin PBXBuildFile section */
		BE94727B1BE5F4EE001FF64C /* main.m in Sources */ = {isa = PBXBuildFile; fileRef = BE94727A1BE5F4EE001FF64C /* main.m */; };
		BE94727E1BE5F4EE001FF64C /* AppDelegate.m in Sources */ = {isa = PBXBuildFile; fileRef = BE94727D1BE5F4EE001FF64C /* AppDelegate.m */; };
		BE9472811BE5F4EE001FF64C /* FirstViewController.m in Sources */ = {isa = PBXBuildFile; fileRef = BE9472801BE5F4EE001FF64C /* FirstViewController.m */; };
		BE9472841BE5F4EE001FF64C /* SecondViewController.m in Sources */ = {isa = PBXBuildFile; fileRef = BE9472831BE5F4EE001FF64C /* SecondViewController.m */; };
		BE9472871BE5F4EE001FF64C /* Main.storyboard in Resources */ = {isa = PBXBuildFile; fileRef = BE9472851BE5F4EE001FF64C /* Main.storyboard */; };
		BE9472891BE5F4EE001FF64C /* Assets.xcassets in Resources */ = {isa = PBXBuildFile; fileRef = BE9472881BE5F4EE001FF64C /* Assets.xcassets */; };
		BE94728C1BE5F4EE001FF64C /* LaunchScreen.storyboard in Resources */ = {isa = PBXBuildFile; fileRef = BE94728A1BE5F4EE001FF64C /* LaunchScreen.storyboard */; };
		BE9472971BE5F4EE001FF64C /* MoneyManagerExTests.m in Sources */ = {isa = PBXBuildFile; fileRef = BE9472961BE5F4EE001FF64C /* MoneyManagerExTests.m */; };
		BE9472A21BE5F4EE001FF64C /* MoneyManagerExUITests.m in Sources */ = {isa = PBXBuildFile; fileRef = BE9472A11BE5F4EE001FF64C /* MoneyManagerExUITests.m */; };
/* End PBXBuildFile section */

/* Begin PBXContainerItemProxy section */
		BE9472931BE5F4EE001FF64C /* PBXContainerItemProxy */ = {
			isa = PBXContainerItemProxy;
			containerPortal = BE94726E1BE5F4EE001FF64C /* Project object */;
			proxyType = 1;
			remoteGlobalIDString = BE9472751BE5F4EE001FF64C;
			remoteInfo = MoneyManagerEx;
		};
		BE94729E1BE5F4EE001FF64C /* PBXContainerItemProxy */ = {
			isa = PBXContainerItemProxy;
			containerPortal = BE94726E1BE5F4EE001FF64C /* Project object */;
			proxyType = 1;
			remoteGlobalIDString = BE9472751BE5F4EE001FF64C;
			remoteInfo = MoneyManagerEx;
		};
/* End PBXContainerItemProxy section */

/* Begin PBXFileReference section */
		BE9472761BE5F4EE001FF64C /* MoneyManagerEx.app */ = {isa = PBXFileReference; explicitFileType = wrapper.application; includeInIndex = 0; path = MoneyManagerEx.app; sourceTree = BUILT_PRODUCTS_DIR; };
		BE94727A1BE5F4EE001FF64C /* main.m */ = {isa = PBXFileReference; lastKnownFileType = sourcecode.c.objc; path = main.m; sourceTree = "<group>"; };
		BE94727C1BE5F4EE001FF64C /* AppDelegate.h */ = {isa = PBXFileReference; lastKnownFileType = sourcecode.c.h; path = AppDelegate.h; sourceTree = "<group>"; };
		BE94727D1BE5F4EE001FF64C /* AppDelegate.m */ = {isa = PBXFileReference; lastKnownFileType = sourcecode.c.objc; path = AppDelegate.m; sourceTree = "<group>"; };
		BE94727F1BE5F4EE001FF64C /* FirstViewController.h */ = {isa = PBXFileReference; lastKnownFileType = sourcecode.c.h; path = FirstViewController.h; sourceTree = "<group>"; };
		BE9472801BE5F4EE001FF64C /* FirstViewController.m */ = {isa = PBXFileReference; lastKnownFileType = sourcecode.c.objc; path = FirstViewController.m; sourceTree = "<group>"; };
		BE9472821BE5F4EE001FF64C /* SecondViewController.h */ = {isa = PBXFileReference; lastKnownFileType = sourcecode.c.h; path = SecondViewController.h; sourceTree = "<group>"; };
		BE9472831BE5F4EE001FF64C /* SecondViewController.m */ = {isa = PBXFileReference; lastKnownFileType = sourcecode.c.objc; path = SecondViewController.m; sourceTree = "<group>"; };
		BE9472861BE5F4EE001FF64C /* Base */ = {isa = PBXFileReference; lastKnownFileType = file.storyboard; name = Base; path = Base.lproj/Main.storyboard; sourceTree = "<group>"; };
		BE9472881BE5F4EE001FF64C /* Assets.xcassets */ = {isa = PBXFileReference; lastKnownFileType = folder.assetcatalog; path = Assets.xcassets; sourceTree = "<group>"; };
		BE94728B1BE5F4EE001FF64C /* Base */ = {isa = PBXFileReference; lastKnownFileType = file.storyboard; name = Base; path = Base.lproj/LaunchScreen.storyboard; sourceTree = "<group>"; };
		BE94728D1BE5F4EE001FF64C /* Info.plist */ = {isa = PBXFileReference; lastKnownFileType = text.plist.xml; path = Info.plist; sourceTree = "<group>"; };
		BE9472921BE5F4EE001FF64C /* MoneyManagerExTests.xctest */ = {isa = PBXFileReference; explicitFileType = wrapper.cfbundle; includeInIndex = 0; path = MoneyManagerExTests.xctest; sourceTree = BUILT_PRODUCTS_DIR; };
		BE9472961BE5F4EE001FF64C /* MoneyManagerExTests.m */ = {isa = PBXFileReference; lastKnownFileType = sourcecode.c.objc; path = MoneyManagerExTests.m; sourceTree = "<group>"; };
		BE9472981BE5F4EE001FF64C /* Info.plist */ = {isa = PBXFileReference; lastKnownFileType = text.plist.xml; path = Info.plist; sourceTree = "<group>"; };
		BE94729D1BE5F4EE001FF64C /* MoneyManagerExUITests.xctest */ = {isa = PBXFileReference; explicitFileType = wrapper.cfbundle; includeInIndex = 0; path = MoneyManagerExUITests.xctest; sourceTree = BUILT_PRODUCTS_DIR; };
		BE9472A11BE5F4EE001FF64C /* MoneyManagerExUITests.m */ = {isa = PBXFileReference; lastKnownFileType = sourcecode.c.objc; path = MoneyManagerExUITests.m; sourceTree = "<group>"; };
		BE9472A31BE5F4EE001FF64C /* Info.plist */ = {isa = PBXFileReference; lastKnownFileType = text.plist.xml; path = Info.plist; sourceTree = "<group>"; };
/* End PBXFileReference section */

/* Begin PBXFrameworksBuildPhase section */
		BE9472731BE5F4EE001FF64C /* Frameworks */ = {
			isa = PBXFrameworksBuildPhase;
			buildActionMask = 2147483647;
			files = (
			);
			runOnlyForDeploymentPostprocessing = 0;
		};
		BE94728F1BE5F4EE001FF64C /* Frameworks */ = {
			isa = PBXFrameworksBuildPhase;
			buildActionMask = 2147483647;
			files = (
			);
			runOnlyForDeploymentPostprocessing = 0;
		};
		BE94729A1BE5F4EE001FF64C /* Frameworks */ = {
			isa = PBXFrameworksBuildPhase;
			buildActionMask = 2147483647;
			files = (
			);
			runOnlyForDeploymentPostprocessing = 0;
		};
/* End PBXFrameworksBuildPhase section */

/* Begin PBXGroup section */
		BE94726D1BE5F4EE001FF64C = {
			isa = PBXGroup;
			children = (
				BE9472781BE5F4EE001FF64C /* MoneyManagerEx */,
				BE9472951BE5F4EE001FF64C /* MoneyManagerExTests */,
				BE9472A01BE5F4EE001FF64C /* MoneyManagerExUITests */,
				BE9472771BE5F4EE001FF64C /* Products */,
			);
			sourceTree = "<group>";
		};
		BE9472771BE5F4EE001FF64C /* Products */ = {
			isa = PBXGroup;
			children = (
				BE9472761BE5F4EE001FF64C /* MoneyManagerEx.app */,
				BE9472921BE5F4EE001FF64C /* MoneyManagerExTests.xctest */,
				BE94729D1BE5F4EE001FF64C /* MoneyManagerExUITests.xctest */,
			);
			name = Products;
			sourceTree = "<group>";
		};
		BE9472781BE5F4EE001FF64C /* MoneyManagerEx */ = {
			isa = PBXGroup;
			children = (
				BE94727C1BE5F4EE001FF64C /* AppDelegate.h */,
				BE94727D1BE5F4EE001FF64C /* AppDelegate.m */,
				BE94727F1BE5F4EE001FF64C /* FirstViewController.h */,
				BE9472801BE5F4EE001FF64C /* FirstViewController.m */,
				BE9472821BE5F4EE001FF64C /* SecondViewController.h */,
				BE9472831BE5F4EE001FF64C /* SecondViewController.m */,
				BE9472851BE5F4EE001FF64C /* Main.storyboard */,
				BE9472881BE5F4EE001FF64C /* Assets.xcassets */,
				BE94728A1BE5F4EE001FF64C /* LaunchScreen.storyboard */,
				BE94728D1BE5F4EE001FF64C /* Info.plist */,
				BE9472791BE5F4EE001FF64C /* Supporting Files */,
			);
			path = MoneyManagerEx;
			sourceTree = "<group>";
		};
		BE9472791BE5F4EE001FF64C /* Supporting Files */ = {
			isa = PBXGroup;
			children = (
				BE94727A1BE5F4EE001FF64C /* main.m */,
			);
			name = "Supporting Files";
			sourceTree = "<group>";
		};
		BE9472951BE5F4EE001FF64C /* MoneyManagerExTests */ = {
			isa = PBXGroup;
			children = (
				BE9472961BE5F4EE001FF64C /* MoneyManagerExTests.m */,
				BE9472981BE5F4EE001FF64C /* Info.plist */,
			);
			path = MoneyManagerExTests;
			sourceTree = "<group>";
		};
		BE9472A01BE5F4EE001FF64C /* MoneyManagerExUITests */ = {
			isa = PBXGroup;
			children = (
				BE9472A11BE5F4EE001FF64C /* MoneyManagerExUITests.m */,
				BE9472A31BE5F4EE001FF64C /* Info.plist */,
			);
			path = MoneyManagerExUITests;
			sourceTree = "<group>";
		};
/* End PBXGroup section */

/* Begin PBXNativeTarget section */
		BE9472751BE5F4EE001FF64C /* MoneyManagerEx */ = {
			isa = PBXNativeTarget;
			buildConfigurationList = BE9472A61BE5F4EE001FF64C /* Build configuration list for PBXNativeTarget "MoneyManagerEx" */;
			buildPhases = (
				BE9472721BE5F4EE001FF64C /* Sources */,
				BE9472731BE5F4EE001FF64C /* Frameworks */,
				BE9472741BE5F4EE001FF64C /* Resources */,
			);
			buildRules = (
			);
			dependencies = (
			);
			name = MoneyManagerEx;
			productName = MoneyManagerEx;
			productReference = BE9472761BE5F4EE001FF64C /* MoneyManagerEx.app */;
			productType = "com.apple.product-type.application";
		};
		BE9472911BE5F4EE001FF64C /* MoneyManagerExTests */ = {
			isa = PBXNativeTarget;
			buildConfigurationList = BE9472A91BE5F4EE001FF64C /* Build configuration list for PBXNativeTarget "MoneyManagerExTests" */;
			buildPhases = (
				BE94728E1BE5F4EE001FF64C /* Sources */,
				BE94728F1BE5F4EE001FF64C /* Frameworks */,
				BE9472901BE5F4EE001FF64C /* Resources */,
			);
			buildRules = (
			);
			dependencies = (
				BE9472941BE5F4EE001FF64C /* PBXTargetDependency */,
			);
			name = MoneyManagerExTests;
			productName = MoneyManagerExTests;
			productReference = BE9472921BE5F4EE001FF64C /* MoneyManagerExTests.xctest */;
			productType = "com.apple.product-type.bundle.unit-test";
		};
		BE94729C1BE5F4EE001FF64C /* MoneyManagerExUITests */ = {
			isa = PBXNativeTarget;
			buildConfigurationList = BE9472AC1BE5F4EE001FF64C /* Build configuration list for PBXNativeTarget "MoneyManagerExUITests" */;
			buildPhases = (
				BE9472991BE5F4EE001FF64C /* Sources */,
				BE94729A1BE5F4EE001FF64C /* Frameworks */,
				BE94729B1BE5F4EE001FF64C /* Resources */,
			);
			buildRules = (
			);
			dependencies = (
				BE94729F1BE5F4EE001FF64C /* PBXTargetDependency */,
			);
			name = MoneyManagerExUITests;
			productName = MoneyManagerExUITests;
			productReference = BE94729D1BE5F4EE001FF64C /* MoneyManagerExUITests.xctest */;
			productType = "com.apple.product-type.bundle.ui-testing";
		};
/* End PBXNativeTarget section */

/* Begin PBXProject section */
		BE94726E1BE5F4EE001FF64C /* Project object */ = {
			isa = PBXProject;
			attributes = {
				LastUpgradeCheck = 0710;
				ORGANIZATIONNAME = taotao;
				TargetAttributes = {
					BE9472751BE5F4EE001FF64C = {
						CreatedOnToolsVersion = 7.1;
					};
					BE9472911BE5F4EE001FF64C = {
						CreatedOnToolsVersion = 7.1;
						TestTargetID = BE9472751BE5F4EE001FF64C;
					};
					BE94729C1BE5F4EE001FF64C = {
						CreatedOnToolsVersion = 7.1;
						TestTargetID = BE9472751BE5F4EE001FF64C;
					};
				};
			};
			buildConfigurationList = BE9472711BE5F4EE001FF64C /* Build configuration list for PBXProject "MoneyManagerEx" */;
			compatibilityVersion = "Xcode 3.2";
			developmentRegion = English;
			hasScannedForEncodings = 0;
			knownRegions = (
				en,
				Base,
			);
			mainGroup = BE94726D1BE5F4EE001FF64C;
			productRefGroup = BE9472771BE5F4EE001FF64C /* Products */;
			projectDirPath = "";
			projectRoot = "";
			targets = (
				BE9472751BE5F4EE001FF64C /* MoneyManagerEx */,
				BE9472911BE5F4EE001FF64C /* MoneyManagerExTests */,
				BE94729C1BE5F4EE001FF64C /* MoneyManagerExUITests */,
			);
		};
/* End PBXProject section */

/* Begin PBXResourcesBuildPhase section */
		BE9472741BE5F4EE001FF64C /* Resources */ = {
			isa = PBXResourcesBuildPhase;
			buildActionMask = 2147483647;
			files = (
				BE94728C1BE5F4EE001FF64C /* LaunchScreen.storyboard in Resources */,
				BE9472891BE5F4EE001FF64C /* Assets.xcassets in Resources */,
				BE9472871BE5F4EE001FF64C /* Main.storyboard in Resources */,
			);
			runOnlyForDeploymentPostprocessing = 0;
		};
		BE9472901BE5F4EE001FF64C /* Resources */ = {
			isa = PBXResourcesBuildPhase;
			buildActionMask = 2147483647;
			files = (
			);
			runOnlyForDeploymentPostprocessing = 0;
		};
		BE94729B1BE5F4EE001FF64C /* Resources */ = {
			isa = PBXResourcesBuildPhase;
			buildActionMask = 2147483647;
			files = (
			);
			runOnlyForDeploymentPostprocessing = 0;
		};
/* End PBXResourcesBuildPhase section */

/* Begin PBXSourcesBuildPhase section */
		BE9472721BE5F4EE001FF64C /* Sources */ = {
			isa = PBXSourcesBuildPhase;
			buildActionMask = 2147483647;
			files = (
				BE9472841BE5F4EE001FF64C /* SecondViewController.m in Sources */,
				BE94727E1BE5F4EE001FF64C /* AppDelegate.m in Sources */,
				BE9472811BE5F4EE001FF64C /* FirstViewController.m in Sources */,
				BE94727B1BE5F4EE001FF64C /* main.m in Sources */,
			);
			runOnlyForDeploymentPostprocessing = 0;
		};
		BE94728E1BE5F4EE001FF64C /* Sources */ = {
			isa = PBXSourcesBuildPhase;
			buildActionMask = 2147483647;
			files = (
				BE9472971BE5F4EE001FF64C /* MoneyManagerExTests.m in Sources */,
			);
			runOnlyForDeploymentPostprocessing = 0;
		};
		BE9472991BE5F4EE001FF64C /* Sources */ = {
			isa = PBXSourcesBuildPhase;
			buildActionMask = 2147483647;
			files = (
				BE9472A21BE5F4EE001FF64C /* MoneyManagerExUITests.m in Sources */,
			);
			runOnlyForDeploymentPostprocessing = 0;
		};
/* End PBXSourcesBuildPhase section */

/* Begin PBXTargetDependency section */
		BE9472941BE5F4EE001FF64C /* PBXTargetDependency */ = {
			isa = PBXTargetDependency;
			target = BE9472751BE5F4EE001FF64C /* MoneyManagerEx */;
			targetProxy = BE9472931BE5F4EE001FF64C /* PBXContainerItemProxy */;
		};
		BE94729F1BE5F4EE001FF64C /* PBXTargetDependency */ = {
			isa = PBXTargetDependency;
			target = BE9472751BE5F4EE001FF64C /* MoneyManagerEx */;
			targetProxy = BE94729E1BE5F4EE001FF64C /* PBXContainerItemProxy */;
		};
/* End PBXTargetDependency section */

/* Begin PBXVariantGroup section */
		BE9472851BE5F4EE001FF64C /* Main.storyboard */ = {
			isa = PBXVariantGroup;
			children = (
				BE9472861BE5F4EE001FF64C /* Base */,
			);
			name = Main.storyboard;
			sourceTree = "<group>";
		};
		BE94728A1BE5F4EE001FF64C /* LaunchScreen.storyboard */ = {
			isa = PBXVariantGroup;
			children = (
				BE94728B1BE5F4EE001FF64C /* Base */,
			);
			name = LaunchScreen.storyboard;
			sourceTree = "<group>";
		};
/* End PBXVariantGroup section */

/* Begin XCBuildConfiguration section */
		BE9472A41BE5F4EE001FF64C /* Debug */ = {
			isa = XCBuildConfiguration;
			buildSettings = {
				ALWAYS_SEARCH_USER_PATHS = NO;
				CLANG_CXX_LANGUAGE_STANDARD = "gnu++0x";
				CLANG_CXX_LIBRARY = "libc++";
				CLANG_ENABLE_MODULES = YES;
				CLANG_ENABLE_OBJC_ARC = YES;
				CLANG_WARN_BOOL_CONVERSION = YES;
				CLANG_WARN_CONSTANT_CONVERSION = YES;
				CLANG_WARN_DIRECT_OBJC_ISA_USAGE = YES_ERROR;
				CLANG_WARN_EMPTY_BODY = YES;
				CLANG_WARN_ENUM_CONVERSION = YES;
				CLANG_WARN_INT_CONVERSION = YES;
				CLANG_WARN_OBJC_ROOT_CLASS = YES_ERROR;
				CLANG_WARN_UNREACHABLE_CODE = YES;
				CLANG_WARN__DUPLICATE_METHOD_MATCH = YES;
				"CODE_SIGN_IDENTITY[sdk=iphoneos*]" = "iPhone Developer";
				COPY_PHASE_STRIP = NO;
				DEBUG_INFORMATION_FORMAT = dwarf;
				ENABLE_STRICT_OBJC_MSGSEND = YES;
				ENABLE_TESTABILITY = YES;
				GCC_C_LANGUAGE_STANDARD = gnu99;
				GCC_DYNAMIC_NO_PIC = NO;
				GCC_NO_COMMON_BLOCKS = YES;
				GCC_OPTIMIZATION_LEVEL = 0;
				GCC_PREPROCESSOR_DEFINITIONS = (
					"DEBUG=1",
					"$(inherited)",
				);
				GCC_WARN_64_TO_32_BIT_CONVERSION = YES;
				GCC_WARN_ABOUT_RETURN_TYPE = YES_ERROR;
				GCC_WARN_UNDECLARED_SELECTOR = YES;
				GCC_WARN_UNINITIALIZED_AUTOS = YES_AGGRESSIVE;
				GCC_WARN_UNUSED_FUNCTION = YES;
				GCC_WARN_UNUSED_VARIABLE = YES;
				IPHONEOS_DEPLOYMENT_TARGET = 9.1;
				MTL_ENABLE_DEBUG_INFO = YES;
				ONLY_ACTIVE_ARCH = YES;
				SDKROOT = iphoneos;
			};
			name = Debug;
		};
		BE9472A51BE5F4EE001FF64C /* Release */ = {
			isa = XCBuildConfiguration;
			buildSettings = {
				ALWAYS_SEARCH_USER_PATHS = NO;
				CLANG_CXX_LANGUAGE_STANDARD = "gnu++0x";
				CLANG_CXX_LIBRARY = "libc++";
				CLANG_ENABLE_MODULES = YES;
				CLANG_ENABLE_OBJC_ARC = YES;
				CLANG_WARN_BOOL_CONVERSION = YES;
				CLANG_WARN_CONSTANT_CONVERSION = YES;
				CLANG_WARN_DIRECT_OBJC_ISA_USAGE = YES_ERROR;
				CLANG_WARN_EMPTY_BODY = YES;
				CLANG_WARN_ENUM_CONVERSION = YES;
				CLANG_WARN_INT_CONVERSION = YES;
				CLANG_WARN_OBJC_ROOT_CLASS = YES_ERROR;
				CLANG_WARN_UNREACHABLE_CODE = YES;
				CLANG_WARN__DUPLICATE_METHOD_MATCH = YES;
				"CODE_SIGN_IDENTITY[sdk=iphoneos*]" = "iPhone Developer";
				COPY_PHASE_STRIP = NO;
				DEBUG_INFORMATION_FORMAT = "dwarf-with-dsym";
				ENABLE_NS_ASSERTIONS = NO;
				ENABLE_STRICT_OBJC_MSGSEND = YES;
				GCC_C_LANGUAGE_STANDARD = gnu99;
				GCC_NO_COMMON_BLOCKS = YES;
				GCC_WARN_64_TO_32_BIT_CONVERSION = YES;
				GCC_WARN_ABOUT_RETURN_TYPE = YES_ERROR;
				GCC_WARN_UNDECLARED_SELECTOR = YES;
				GCC_WARN_UNINITIALIZED_AUTOS = YES_AGGRESSIVE;
				GCC_WARN_UNUSED_FUNCTION = YES;
				GCC_WARN_UNUSED_VARIABLE = YES;
				IPHONEOS_DEPLOYMENT_TARGET = 9.1;
				MTL_ENABLE_DEBUG_INFO = NO;
				SDKROOT = iphoneos;
				VALIDATE_PRODUCT = YES;
			};
			name = Release;
		};
		BE9472A71BE5F4EE001FF64C /* Debug */ = {
			isa = XCBuildConfiguration;
			buildSettings = {
				ASSETCATALOG_COMPILER_APPICON_NAME = AppIcon;
				INFOPLIST_FILE = MoneyManagerEx/Info.plist;
				LD_RUNPATH_SEARCH_PATHS = "$(inherited) @executable_path/Frameworks";
				PRODUCT_BUNDLE_IDENTIFIER = taotao.MoneyManagerEx;
				PRODUCT_NAME = "$(TARGET_NAME)";
			};
			name = Debug;
		};
		BE9472A81BE5F4EE001FF64C /* Release */ = {
			isa = XCBuildConfiguration;
			buildSettings = {
				ASSETCATALOG_COMPILER_APPICON_NAME = AppIcon;
				INFOPLIST_FILE = MoneyManagerEx/Info.plist;
				LD_RUNPATH_SEARCH_PATHS = "$(inherited) @executable_path/Frameworks";
				PRODUCT_BUNDLE_IDENTIFIER = taotao.MoneyManagerEx;
				PRODUCT_NAME = "$(TARGET_NAME)";
			};
			name = Release;
		};
		BE9472AA1BE5F4EE001FF64C /* Debug */ = {
			isa = XCBuildConfiguration;
			buildSettings = {
				BUNDLE_LOADER = "$(TEST_HOST)";
				INFOPLIST_FILE = MoneyManagerExTests/Info.plist;
				LD_RUNPATH_SEARCH_PATHS = "$(inherited) @executable_path/Frameworks @loader_path/Frameworks";
				PRODUCT_BUNDLE_IDENTIFIER = taotao.MoneyManagerExTests;
				PRODUCT_NAME = "$(TARGET_NAME)";
				TEST_HOST = "$(BUILT_PRODUCTS_DIR)/MoneyManagerEx.app/MoneyManagerEx";
			};
			name = Debug;
		};
		BE9472AB1BE5F4EE001FF64C /* Release */ = {
			isa = XCBuildConfiguration;
			buildSettings = {
				BUNDLE_LOADER = "$(TEST_HOST)";
				INFOPLIST_FILE = MoneyManagerExTests/Info.plist;
				LD_RUNPATH_SEARCH_PATHS = "$(inherited) @executable_path/Frameworks @loader_path/Frameworks";
				PRODUCT_BUNDLE_IDENTIFIER = taotao.MoneyManagerExTests;
				PRODUCT_NAME = "$(TARGET_NAME)";
				TEST_HOST = "$(BUILT_PRODUCTS_DIR)/MoneyManagerEx.app/MoneyManagerEx";
			};
			name = Release;
		};
		BE9472AD1BE5F4EE001FF64C /* Debug */ = {
			isa = XCBuildConfiguration;
			buildSettings = {
				INFOPLIST_FILE = MoneyManagerExUITests/Info.plist;
				LD_RUNPATH_SEARCH_PATHS = "$(inherited) @executable_path/Frameworks @loader_path/Frameworks";
				PRODUCT_BUNDLE_IDENTIFIER = taotao.MoneyManagerExUITests;
				PRODUCT_NAME = "$(TARGET_NAME)";
				TEST_TARGET_NAME = MoneyManagerEx;
				USES_XCTRUNNER = YES;
			};
			name = Debug;
		};
		BE9472AE1BE5F4EE001FF64C /* Release */ = {
			isa = XCBuildConfiguration;
			buildSettings = {
				INFOPLIST_FILE = MoneyManagerExUITests/Info.plist;
				LD_RUNPATH_SEARCH_PATHS = "$(inherited) @executable_path/Frameworks @loader_path/Frameworks";
				PRODUCT_BUNDLE_IDENTIFIER = taotao.MoneyManagerExUITests;
				PRODUCT_NAME = "$(TARGET_NAME)";
				TEST_TARGET_NAME = MoneyManagerEx;
				USES_XCTRUNNER = YES;
			};
			name = Release;
		};
/* End XCBuildConfiguration section */

/* Begin XCConfigurationList section */
		BE9472711BE5F4EE001FF64C /* Build configuration list for PBXProject "MoneyManagerEx" */ = {
			isa = XCConfigurationList;
			buildConfigurations = (
				BE9472A41BE5F4EE001FF64C /* Debug */,
				BE9472A51BE5F4EE001FF64C /* Release */,
			);
			defaultConfigurationIsVisible = 0;
			defaultConfigurationName = Release;
		};
		BE9472A61BE5F4EE001FF64C /* Build configuration list for PBXNativeTarget "MoneyManagerEx" */ = {
			isa = XCConfigurationList;
			buildConfigurations = (
				BE9472A71BE5F4EE001FF64C /* Debug */,
				BE9472A81BE5F4EE001FF64C /* Release */,
			);
			defaultConfigurationIsVisible = 0;
		};
		BE9472A91BE5F4EE001FF64C /* Build configuration list for PBXNativeTarget "MoneyManagerExTests" */ = {
			isa = XCConfigurationList;
			buildConfigurations = (
				BE9472AA1BE5F4EE001FF64C /* Debug */,
				BE9472AB1BE5F4EE001FF64C /* Release */,
			);
			defaultConfigurationIsVisible = 0;
		};
		BE9472AC1BE5F4EE001FF64C /* Build configuration list for PBXNativeTarget "MoneyManagerExUITests" */ = {
			isa = XCConfigurationList;
			buildConfigurations = (
				BE9472AD1BE5F4EE001FF64C /* Debug */,
				BE9472AE1BE5F4EE001FF64C /* Release */,
			);
			defaultConfigurationIsVisible = 0;
		};
/* End XCConfigurationList section */
	};
	rootObject = BE94726E1BE5F4EE001FF64C /* Project object */;
}
