// !$*UTF8*$!
{
	archiveVersion = 1;
	classes = {
	};
	objectVersion = 46;
	objects = {

/* Begin PBXBuildFile section */
		B491D83263B13874A262C26D /* Pods.framework in Frameworks */ = {isa = PBXBuildFile; fileRef = AFED510AC7469D5BE768BB15 /* Pods.framework */; };
		BE067A7C1C1E703800F8B6F1 /* UIViewController+MoneyManagerEx.m in Sources */ = {isa = PBXBuildFile; fileRef = BE067A7B1C1E703800F8B6F1 /* UIViewController+MoneyManagerEx.m */; };
		BE067A811C1E79EA00F8B6F1 /* MMEXContactsViewController.m in Sources */ = {isa = PBXBuildFile; fileRef = BE067A7F1C1E79EA00F8B6F1 /* MMEXContactsViewController.m */; };
		BE067A821C1E79EA00F8B6F1 /* MMEXContactsViewController.xib in Resources */ = {isa = PBXBuildFile; fileRef = BE067A801C1E79EA00F8B6F1 /* MMEXContactsViewController.xib */; };
		BE0772DC1D914B45000BF953 /* BankAccountEditViewController.m in Sources */ = {isa = PBXBuildFile; fileRef = BE0772DA1D914B45000BF953 /* BankAccountEditViewController.m */; };
		BE0772DD1D914B45000BF953 /* BankAccountEditViewController.xib in Resources */ = {isa = PBXBuildFile; fileRef = BE0772DB1D914B45000BF953 /* BankAccountEditViewController.xib */; };
		BE0772E21D914C7B000BF953 /* BankAccountEditTableViewCell.m in Sources */ = {isa = PBXBuildFile; fileRef = BE0772E01D914C7B000BF953 /* BankAccountEditTableViewCell.m */; };
		BE086B401BEDDFE200CEF360 /* MMEXCreateFirstAccountGuideViewController.xib in Resources */ = {isa = PBXBuildFile; fileRef = BE086B421BEDDFE200CEF360 /* MMEXCreateFirstAccountGuideViewController.xib */; };
		BE086B471BEDE08600CEF360 /* MMEXStartPageViewController.xib in Resources */ = {isa = PBXBuildFile; fileRef = BE086B491BEDE08600CEF360 /* MMEXStartPageViewController.xib */; };
		BE086B561BEDE91D00CEF360 /* Localizable.strings in Resources */ = {isa = PBXBuildFile; fileRef = BE086B581BEDE91D00CEF360 /* Localizable.strings */; };
		BE086B5C1BEDEA1F00CEF360 /* Info.plist in Resources */ = {isa = PBXBuildFile; fileRef = BE086B5B1BEDEA1F00CEF360 /* Info.plist */; };
		BE086B601BEDEAF500CEF360 /* MMEXSelectDefaultCurrencyViewController.m in Sources */ = {isa = PBXBuildFile; fileRef = BE086B5E1BEDEAF500CEF360 /* MMEXSelectDefaultCurrencyViewController.m */; };
		BE086B611BEDEAF500CEF360 /* MMEXSelectDefaultCurrencyViewController.xib in Resources */ = {isa = PBXBuildFile; fileRef = BE086B5F1BEDEAF500CEF360 /* MMEXSelectDefaultCurrencyViewController.xib */; };
		BE086B671BEDF53700CEF360 /* MMEXAddTransactionViewController.m in Sources */ = {isa = PBXBuildFile; fileRef = BE086B651BEDF53700CEF360 /* MMEXAddTransactionViewController.m */; };
		BE086B681BEDF53700CEF360 /* MMEXAddTransactionViewController.xib in Resources */ = {isa = PBXBuildFile; fileRef = BE086B661BEDF53700CEF360 /* MMEXAddTransactionViewController.xib */; };
		BE086B6C1BEDF59A00CEF360 /* MMEXMyAccountViewController.m in Sources */ = {isa = PBXBuildFile; fileRef = BE086B6A1BEDF59A00CEF360 /* MMEXMyAccountViewController.m */; };
		BE086B6D1BEDF59A00CEF360 /* MMEXMyAccountViewController.xib in Resources */ = {isa = PBXBuildFile; fileRef = BE086B6B1BEDF59A00CEF360 /* MMEXMyAccountViewController.xib */; };
		BE086B711BEDF5C900CEF360 /* MMEXAssetsViewController.m in Sources */ = {isa = PBXBuildFile; fileRef = BE086B6F1BEDF5C900CEF360 /* MMEXAssetsViewController.m */; };
		BE086B721BEDF5C900CEF360 /* MMEXAssetsViewController.xib in Resources */ = {isa = PBXBuildFile; fileRef = BE086B701BEDF5C900CEF360 /* MMEXAssetsViewController.xib */; };
		BE0BC0961D9AA8600084FC40 /* MMEXGenderPickerView.xib in Resources */ = {isa = PBXBuildFile; fileRef = BE0BC0981D9AA8600084FC40 /* MMEXGenderPickerView.xib */; };
		BE0BC09F1D9AA9320084FC40 /* MMEXDatePickerView.m in Sources */ = {isa = PBXBuildFile; fileRef = BE0BC09E1D9AA9320084FC40 /* MMEXDatePickerView.m */; };
		BE0BC0A21D9AC6970084FC40 /* MMEXDatePickerView.xib in Resources */ = {isa = PBXBuildFile; fileRef = BE0BC0A41D9AC6970084FC40 /* MMEXDatePickerView.xib */; };
		BE0BC0AD1D9AC83B0084FC40 /* CurrencyTypeInfoViewController.m in Sources */ = {isa = PBXBuildFile; fileRef = BE0BC0AB1D9AC83B0084FC40 /* CurrencyTypeInfoViewController.m */; };
		BE0BC0AE1D9AC83B0084FC40 /* CurrencyTypeInfoViewController.xib in Resources */ = {isa = PBXBuildFile; fileRef = BE0BC0AC1D9AC83B0084FC40 /* CurrencyTypeInfoViewController.xib */; };
		BE0BC0B21D9AC9530084FC40 /* MMEXContactInfoViewController.m in Sources */ = {isa = PBXBuildFile; fileRef = BE0BC0B01D9AC9530084FC40 /* MMEXContactInfoViewController.m */; };
		BE0BC0B31D9AC9530084FC40 /* MMEXContactInfoViewController.xib in Resources */ = {isa = PBXBuildFile; fileRef = BE0BC0B11D9AC9530084FC40 /* MMEXContactInfoViewController.xib */; };
		BE35F3E51D30DF85004110A4 /* LoginInfoModel.m in Sources */ = {isa = PBXBuildFile; fileRef = BE35F3E41D30DF85004110A4 /* LoginInfoModel.m */; };
		BE35F3E91D30E12F004110A4 /* UserInfoModel.m in Sources */ = {isa = PBXBuildFile; fileRef = BE35F3E81D30E12F004110A4 /* UserInfoModel.m */; };
		BE35F3EC1D30E266004110A4 /* ContactModel.m in Sources */ = {isa = PBXBuildFile; fileRef = BE35F3EB1D30E266004110A4 /* ContactModel.m */; };
		BE35F3EF1D30E2FC004110A4 /* AccountModel.m in Sources */ = {isa = PBXBuildFile; fileRef = BE35F3EE1D30E2FC004110A4 /* AccountModel.m */; };
		BE35F3F21D30E374004110A4 /* MerchantModel.m in Sources */ = {isa = PBXBuildFile; fileRef = BE35F3F11D30E374004110A4 /* MerchantModel.m */; };
		BE35F3F51D30E6A5004110A4 /* CurrencyModel.m in Sources */ = {isa = PBXBuildFile; fileRef = BE35F3F41D30E6A5004110A4 /* CurrencyModel.m */; };
		BE35F3F81D30E824004110A4 /* TransactionTypeModel.m in Sources */ = {isa = PBXBuildFile; fileRef = BE35F3F71D30E824004110A4 /* TransactionTypeModel.m */; };
		BE35F3FB1D30E8DE004110A4 /* TransactionModel.m in Sources */ = {isa = PBXBuildFile; fileRef = BE35F3FA1D30E8DE004110A4 /* TransactionModel.m */; };
		BE35F4261D30EB68004110A4 /* MoneyManagerExDBCenter.m in Sources */ = {isa = PBXBuildFile; fileRef = BE35F3FF1D30EB68004110A4 /* MoneyManagerExDBCenter.m */; };
		BE35F4271D30EB68004110A4 /* Account+CoreDataProperties.m in Sources */ = {isa = PBXBuildFile; fileRef = BE35F4021D30EB68004110A4 /* Account+CoreDataProperties.m */; };
		BE35F4281D30EB68004110A4 /* Account.m in Sources */ = {isa = PBXBuildFile; fileRef = BE35F4041D30EB68004110A4 /* Account.m */; };
		BE35F4291D30EB68004110A4 /* BaseManagedObject.m in Sources */ = {isa = PBXBuildFile; fileRef = BE35F4061D30EB68004110A4 /* BaseManagedObject.m */; };
		BE35F42A1D30EB68004110A4 /* Contacts+CoreDataProperties.m in Sources */ = {isa = PBXBuildFile; fileRef = BE35F4081D30EB68004110A4 /* Contacts+CoreDataProperties.m */; };
		BE35F42B1D30EB68004110A4 /* Contacts.m in Sources */ = {isa = PBXBuildFile; fileRef = BE35F40A1D30EB68004110A4 /* Contacts.m */; };
		BE35F42C1D30EB68004110A4 /* Currency+CoreDataProperties.m in Sources */ = {isa = PBXBuildFile; fileRef = BE35F40C1D30EB68004110A4 /* Currency+CoreDataProperties.m */; };
		BE35F42D1D30EB68004110A4 /* Currency.m in Sources */ = {isa = PBXBuildFile; fileRef = BE35F40E1D30EB68004110A4 /* Currency.m */; };
		BE35F42E1D30EB68004110A4 /* LoginRecord+CoreDataProperties.m in Sources */ = {isa = PBXBuildFile; fileRef = BE35F4101D30EB68004110A4 /* LoginRecord+CoreDataProperties.m */; };
		BE35F42F1D30EB68004110A4 /* LoginRecord.m in Sources */ = {isa = PBXBuildFile; fileRef = BE35F4121D30EB68004110A4 /* LoginRecord.m */; };
		BE35F4301D30EB68004110A4 /* Merchant+CoreDataProperties.m in Sources */ = {isa = PBXBuildFile; fileRef = BE35F4141D30EB68004110A4 /* Merchant+CoreDataProperties.m */; };
		BE35F4311D30EB68004110A4 /* Merchant.m in Sources */ = {isa = PBXBuildFile; fileRef = BE35F4161D30EB68004110A4 /* Merchant.m */; };
		BE35F4321D30EB68004110A4 /* Transaction+CoreDataProperties.m in Sources */ = {isa = PBXBuildFile; fileRef = BE35F4181D30EB68004110A4 /* Transaction+CoreDataProperties.m */; };
		BE35F4331D30EB68004110A4 /* Transaction.m in Sources */ = {isa = PBXBuildFile; fileRef = BE35F41A1D30EB68004110A4 /* Transaction.m */; };
		BE35F4341D30EB68004110A4 /* TransactionType+CoreDataProperties.m in Sources */ = {isa = PBXBuildFile; fileRef = BE35F41C1D30EB68004110A4 /* TransactionType+CoreDataProperties.m */; };
		BE35F4351D30EB68004110A4 /* TransactionType.m in Sources */ = {isa = PBXBuildFile; fileRef = BE35F41E1D30EB68004110A4 /* TransactionType.m */; };
		BE35F4361D30EB68004110A4 /* UserInfo+CoreDataProperties.m in Sources */ = {isa = PBXBuildFile; fileRef = BE35F4201D30EB68004110A4 /* UserInfo+CoreDataProperties.m */; };
		BE35F4371D30EB68004110A4 /* UserInfo.m in Sources */ = {isa = PBXBuildFile; fileRef = BE35F4221D30EB68004110A4 /* UserInfo.m */; };
		BE35F4381D30EB68004110A4 /* MoneyManagerEx.xcdatamodeld in Sources */ = {isa = PBXBuildFile; fileRef = BE35F4241D30EB68004110A4 /* MoneyManagerEx.xcdatamodeld */; };
		BE35F43B1D30FDB2004110A4 /* StringUtility.m in Sources */ = {isa = PBXBuildFile; fileRef = BE35F43A1D30FDB2004110A4 /* StringUtility.m */; };
		BE618D701D93FE1900984C45 /* BankAccountEditTableViewCell.xib in Resources */ = {isa = PBXBuildFile; fileRef = BE618D721D93FE1900984C45 /* BankAccountEditTableViewCell.xib */; };
		BE618D7C1D94400E00984C45 /* EditBasicInfoTableViewCell.xib in Resources */ = {isa = PBXBuildFile; fileRef = BE618D7E1D94400E00984C45 /* EditBasicInfoTableViewCell.xib */; };
		BE618D871D9698A600984C45 /* CurrentUserBasicInfoViewController.m in Sources */ = {isa = PBXBuildFile; fileRef = BE618D851D9698A600984C45 /* CurrentUserBasicInfoViewController.m */; };
		BE618D881D9698A600984C45 /* CurrentUserBasicInfoViewController.xib in Resources */ = {isa = PBXBuildFile; fileRef = BE618D861D9698A600984C45 /* CurrentUserBasicInfoViewController.xib */; };
		BE618D8C1D969C4000984C45 /* MyNameViewController.m in Sources */ = {isa = PBXBuildFile; fileRef = BE618D8A1D969C4000984C45 /* MyNameViewController.m */; };
		BE618D8D1D969C4000984C45 /* MyNameViewController.xib in Resources */ = {isa = PBXBuildFile; fileRef = BE618D8B1D969C4000984C45 /* MyNameViewController.xib */; };
		BE618D911D97EE1100984C45 /* MMEXGenderPickerView.m in Sources */ = {isa = PBXBuildFile; fileRef = BE618D901D97EE1100984C45 /* MMEXGenderPickerView.m */; };
		BE6586771D51FCF50091FC7D /* ImageIO.framework in Frameworks */ = {isa = PBXBuildFile; fileRef = BE6586761D51FCF50091FC7D /* ImageIO.framework */; };
		BE72884A1D885661007687B5 /* MyBankAccountListViewController.m in Sources */ = {isa = PBXBuildFile; fileRef = BE7288491D885661007687B5 /* MyBankAccountListViewController.m */; };
		BE72884C1D885692007687B5 /* MyBankAccountListViewController.xib in Resources */ = {isa = PBXBuildFile; fileRef = BE72884B1D885692007687B5 /* MyBankAccountListViewController.xib */; };
		BE81634A1DCA37F400BF90EC /* UIImage+Crop.m in Sources */ = {isa = PBXBuildFile; fileRef = BE8163491DCA37F400BF90EC /* UIImage+Crop.m */; };
		BE90096C1D8EC56800A570D6 /* TransactionTypeListViewController.m in Sources */ = {isa = PBXBuildFile; fileRef = BE90096A1D8EC56800A570D6 /* TransactionTypeListViewController.m */; };
		BE90096D1D8EC56800A570D6 /* TransactionTypeListViewController.xib in Resources */ = {isa = PBXBuildFile; fileRef = BE90096B1D8EC56800A570D6 /* TransactionTypeListViewController.xib */; };
		BE9009711D8ECBCB00A570D6 /* SubTransactionTypeListViewController.m in Sources */ = {isa = PBXBuildFile; fileRef = BE90096F1D8ECBCB00A570D6 /* SubTransactionTypeListViewController.m */; };
		BE9009721D8ECBCB00A570D6 /* SubTransactionTypeListViewController.xib in Resources */ = {isa = PBXBuildFile; fileRef = BE9009701D8ECBCB00A570D6 /* SubTransactionTypeListViewController.xib */; };
		BE94727B1BE5F4EE001FF64C /* main.m in Sources */ = {isa = PBXBuildFile; fileRef = BE94727A1BE5F4EE001FF64C /* main.m */; };
		BE9472891BE5F4EE001FF64C /* Assets.xcassets in Resources */ = {isa = PBXBuildFile; fileRef = BE9472881BE5F4EE001FF64C /* Assets.xcassets */; };
		BE94728C1BE5F4EE001FF64C /* LaunchScreen.storyboard in Resources */ = {isa = PBXBuildFile; fileRef = BE94728A1BE5F4EE001FF64C /* LaunchScreen.storyboard */; };
		BE9472971BE5F4EE001FF64C /* MoneyManagerExTests.m in Sources */ = {isa = PBXBuildFile; fileRef = BE9472961BE5F4EE001FF64C /* MoneyManagerExTests.m */; };
		BE9472A21BE5F4EE001FF64C /* MoneyManagerExUITests.m in Sources */ = {isa = PBXBuildFile; fileRef = BE9472A11BE5F4EE001FF64C /* MoneyManagerExUITests.m */; };
		BE9472C51BE60BFA001FF64C /* AppDelegate.m in Sources */ = {isa = PBXBuildFile; fileRef = BE9472C41BE60BFA001FF64C /* AppDelegate.m */; };
		BE9472C91BE610F7001FF64C /* MMEXCreateFirstAccountGuideViewController.m in Sources */ = {isa = PBXBuildFile; fileRef = BE9472C71BE610F7001FF64C /* MMEXCreateFirstAccountGuideViewController.m */; };
		BEAEC61D1BE9109300D11A05 /* MMEXStartPageViewController.m in Sources */ = {isa = PBXBuildFile; fileRef = BEAEC61B1BE9109300D11A05 /* MMEXStartPageViewController.m */; };
		BEB7BA2C1D8ECE6A0065CE2A /* CurrencyTypeListViewController.m in Sources */ = {isa = PBXBuildFile; fileRef = BEB7BA2A1D8ECE6A0065CE2A /* CurrencyTypeListViewController.m */; };
		BEB7BA2D1D8ECE6A0065CE2A /* CurrencyTypeListViewController.xib in Resources */ = {isa = PBXBuildFile; fileRef = BEB7BA2B1D8ECE6A0065CE2A /* CurrencyTypeListViewController.xib */; };
		BEB7BA311D8ED2BB0065CE2A /* BankAccountViewController.m in Sources */ = {isa = PBXBuildFile; fileRef = BEB7BA2F1D8ED2BB0065CE2A /* BankAccountViewController.m */; };
		BEB7BA321D8ED2BB0065CE2A /* BankAccountViewController.xib in Resources */ = {isa = PBXBuildFile; fileRef = BEB7BA301D8ED2BB0065CE2A /* BankAccountViewController.xib */; };
		BEBE59001DCB964D0084DD72 /* MainMgr.m in Sources */ = {isa = PBXBuildFile; fileRef = BEBE58FF1DCB964D0084DD72 /* MainMgr.m */; };
		BEBE59031DCB96B20084DD72 /* MMEX.m in Sources */ = {isa = PBXBuildFile; fileRef = BEBE59021DCB96B20084DD72 /* MMEX.m */; };
		BEBE59091DCBA2DD0084DD72 /* NSDate+Format.m in Sources */ = {isa = PBXBuildFile; fileRef = BEBE59081DCBA2DD0084DD72 /* NSDate+Format.m */; };
		BEC14F231BEF946A00FF8D61 /* MMEXSetFavoriteSubAccountViewController.m in Sources */ = {isa = PBXBuildFile; fileRef = BEC14F211BEF946A00FF8D61 /* MMEXSetFavoriteSubAccountViewController.m */; };
		BECE3E521D12E8230075D562 /* MMEXMyAccountTableViewCell.m in Sources */ = {isa = PBXBuildFile; fileRef = BECE3E501D12E8230075D562 /* MMEXMyAccountTableViewCell.m */; };
		BECE3E531D12E8230075D562 /* MMEXMyAccountTableViewCell.xib in Resources */ = {isa = PBXBuildFile; fileRef = BECE3E511D12E8230075D562 /* MMEXMyAccountTableViewCell.xib */; };
		BECE3E5E1D1450FC0075D562 /* EditBasicInfoTableViewCell.m in Sources */ = {isa = PBXBuildFile; fileRef = BECE3E5C1D1450FC0075D562 /* EditBasicInfoTableViewCell.m */; };
		BED92E771DCB923200EFD601 /* LoginAccountMgr.m in Sources */ = {isa = PBXBuildFile; fileRef = BED92E761DCB923200EFD601 /* LoginAccountMgr.m */; };
		BEF3980C1BFA017A0032EE8D /* MMEXSetFavoriteSubAccountViewController.xib in Resources */ = {isa = PBXBuildFile; fileRef = BEF3980E1BFA017A0032EE8D /* MMEXSetFavoriteSubAccountViewController.xib */; };
/* End PBXBuildFile section */

/* Begin PBXContainerItemProxy section */
		BE9472931BE5F4EE001FF64C /* PBXContainerItemProxy */ = {
			isa = PBXContainerItemProxy;
			containerPortal = BE94726E1BE5F4EE001FF64C /* Project object */;
			proxyType = 1;
			remoteGlobalIDString = BE9472751BE5F4EE001FF64C;
			remoteInfo = MoneyManagerEx;
		};
		BE94729E1BE5F4EE001FF64C /* PBXContainerItemProxy */ = {
			isa = PBXContainerItemProxy;
			containerPortal = BE94726E1BE5F4EE001FF64C /* Project object */;
			proxyType = 1;
			remoteGlobalIDString = BE9472751BE5F4EE001FF64C;
			remoteInfo = MoneyManagerEx;
		};
/* End PBXContainerItemProxy section */

/* Begin PBXFileReference section */
		0779C54BB00ED4E251D3FEAC /* Pods.debug.xcconfig */ = {isa = PBXFileReference; includeInIndex = 1; lastKnownFileType = text.xcconfig; name = Pods.debug.xcconfig; path = "Pods/Target Support Files/Pods/Pods.debug.xcconfig"; sourceTree = "<group>"; };
		AFED510AC7469D5BE768BB15 /* Pods.framework */ = {isa = PBXFileReference; explicitFileType = wrapper.framework; includeInIndex = 0; path = Pods.framework; sourceTree = BUILT_PRODUCTS_DIR; };
		BE067A7A1C1E703800F8B6F1 /* UIViewController+MoneyManagerEx.h */ = {isa = PBXFileReference; fileEncoding = 4; lastKnownFileType = sourcecode.c.h; name = "UIViewController+MoneyManagerEx.h"; path = "Controller/ViewControllerCategory/UIViewController+MoneyManagerEx.h"; sourceTree = "<group>"; };
		BE067A7B1C1E703800F8B6F1 /* UIViewController+MoneyManagerEx.m */ = {isa = PBXFileReference; fileEncoding = 4; lastKnownFileType = sourcecode.c.objc; name = "UIViewController+MoneyManagerEx.m"; path = "Controller/ViewControllerCategory/UIViewController+MoneyManagerEx.m"; sourceTree = "<group>"; };
		BE067A7E1C1E79EA00F8B6F1 /* MMEXContactsViewController.h */ = {isa = PBXFileReference; fileEncoding = 4; lastKnownFileType = sourcecode.c.h; name = MMEXContactsViewController.h; path = "Controller/Contacts Page/MMEXContactsViewController.h"; sourceTree = "<group>"; };
		BE067A7F1C1E79EA00F8B6F1 /* MMEXContactsViewController.m */ = {isa = PBXFileReference; fileEncoding = 4; lastKnownFileType = sourcecode.c.objc; name = MMEXContactsViewController.m; path = "Controller/Contacts Page/MMEXContactsViewController.m"; sourceTree = "<group>"; };
		BE067A801C1E79EA00F8B6F1 /* MMEXContactsViewController.xib */ = {isa = PBXFileReference; fileEncoding = 4; lastKnownFileType = file.xib; name = MMEXContactsViewController.xib; path = "Controller/Contacts Page/MMEXContactsViewController.xib"; sourceTree = "<group>"; };
		BE0772D91D914B45000BF953 /* BankAccountEditViewController.h */ = {isa = PBXFileReference; fileEncoding = 4; lastKnownFileType = sourcecode.c.h; name = BankAccountEditViewController.h; path = BankAccount/BankAccountEditViewController.h; sourceTree = "<group>"; };
		BE0772DA1D914B45000BF953 /* BankAccountEditViewController.m */ = {isa = PBXFileReference; fileEncoding = 4; lastKnownFileType = sourcecode.c.objc; name = BankAccountEditViewController.m; path = BankAccount/BankAccountEditViewController.m; sourceTree = "<group>"; };
		BE0772DB1D914B45000BF953 /* BankAccountEditViewController.xib */ = {isa = PBXFileReference; fileEncoding = 4; lastKnownFileType = file.xib; name = BankAccountEditViewController.xib; path = BankAccount/BankAccountEditViewController.xib; sourceTree = "<group>"; };
		BE0772DF1D914C7B000BF953 /* BankAccountEditTableViewCell.h */ = {isa = PBXFileReference; fileEncoding = 4; lastKnownFileType = sourcecode.c.h; name = BankAccountEditTableViewCell.h; path = View/BankAccount/BankAccountEditTableViewCell.h; sourceTree = "<group>"; };
		BE0772E01D914C7B000BF953 /* BankAccountEditTableViewCell.m */ = {isa = PBXFileReference; fileEncoding = 4; lastKnownFileType = sourcecode.c.objc; name = BankAccountEditTableViewCell.m; path = View/BankAccount/BankAccountEditTableViewCell.m; sourceTree = "<group>"; };
		BE086B411BEDDFE200CEF360 /* Base */ = {isa = PBXFileReference; lastKnownFileType = file.xib; name = Base; path = Base.lproj/MMEXCreateFirstAccountGuideViewController.xib; sourceTree = "<group>"; };
		BE086B441BEDDFE500CEF360 /* en */ = {isa = PBXFileReference; lastKnownFileType = text.plist.strings; name = en; path = en.lproj/MMEXCreateFirstAccountGuideViewController.strings; sourceTree = "<group>"; };
		BE086B451BEDE07100CEF360 /* zh-Hans */ = {isa = PBXFileReference; lastKnownFileType = text.plist.strings; name = "zh-Hans"; path = "zh-Hans.lproj/MMEXCreateFirstAccountGuideViewController.strings"; sourceTree = "<group>"; };
		BE086B461BEDE07100CEF360 /* zh-Hans */ = {isa = PBXFileReference; lastKnownFileType = text.plist.strings; name = "zh-Hans"; path = "zh-Hans.lproj/LaunchScreen.strings"; sourceTree = "<group>"; };
		BE086B481BEDE08600CEF360 /* Base */ = {isa = PBXFileReference; lastKnownFileType = file.xib; name = Base; path = Base.lproj/MMEXStartPageViewController.xib; sourceTree = "<group>"; };
		BE086B4B1BEDE08900CEF360 /* en */ = {isa = PBXFileReference; lastKnownFileType = text.plist.strings; name = en; path = en.lproj/MMEXStartPageViewController.strings; sourceTree = "<group>"; };
		BE086B4D1BEDE08A00CEF360 /* zh-Hans */ = {isa = PBXFileReference; lastKnownFileType = text.plist.strings; name = "zh-Hans"; path = "zh-Hans.lproj/MMEXStartPageViewController.strings"; sourceTree = "<group>"; };
		BE086B4F1BEDE09100CEF360 /* en */ = {isa = PBXFileReference; lastKnownFileType = text.plist.strings; name = en; path = en.lproj/LaunchScreen.strings; sourceTree = "<group>"; };
		BE086B571BEDE91D00CEF360 /* Base */ = {isa = PBXFileReference; lastKnownFileType = text.plist.strings; name = Base; path = Base.lproj/Localizable.strings; sourceTree = "<group>"; };
		BE086B591BEDE91F00CEF360 /* en */ = {isa = PBXFileReference; lastKnownFileType = text.plist.strings; name = en; path = en.lproj/Localizable.strings; sourceTree = "<group>"; };
		BE086B5A1BEDE92000CEF360 /* zh-Hans */ = {isa = PBXFileReference; lastKnownFileType = text.plist.strings; name = "zh-Hans"; path = "zh-Hans.lproj/Localizable.strings"; sourceTree = "<group>"; };
		BE086B5B1BEDEA1F00CEF360 /* Info.plist */ = {isa = PBXFileReference; fileEncoding = 4; lastKnownFileType = text.plist.xml; path = Info.plist; sourceTree = "<group>"; };
		BE086B5D1BEDEAF500CEF360 /* MMEXSelectDefaultCurrencyViewController.h */ = {isa = PBXFileReference; fileEncoding = 4; lastKnownFileType = sourcecode.c.h; path = MMEXSelectDefaultCurrencyViewController.h; sourceTree = "<group>"; };
		BE086B5E1BEDEAF500CEF360 /* MMEXSelectDefaultCurrencyViewController.m */ = {isa = PBXFileReference; fileEncoding = 4; lastKnownFileType = sourcecode.c.objc; path = MMEXSelectDefaultCurrencyViewController.m; sourceTree = "<group>"; };
		BE086B5F1BEDEAF500CEF360 /* MMEXSelectDefaultCurrencyViewController.xib */ = {isa = PBXFileReference; fileEncoding = 4; lastKnownFileType = file.xib; path = MMEXSelectDefaultCurrencyViewController.xib; sourceTree = "<group>"; };
		BE086B631BEDF28A00CEF360 /* MMEXDoneSettingGuideProtocol.h */ = {isa = PBXFileReference; fileEncoding = 4; lastKnownFileType = sourcecode.c.h; name = MMEXDoneSettingGuideProtocol.h; path = Controller/Protocol/MMEXDoneSettingGuideProtocol.h; sourceTree = "<group>"; };
		BE086B641BEDF53700CEF360 /* MMEXAddTransactionViewController.h */ = {isa = PBXFileReference; fileEncoding = 4; lastKnownFileType = sourcecode.c.h; path = MMEXAddTransactionViewController.h; sourceTree = "<group>"; };
		BE086B651BEDF53700CEF360 /* MMEXAddTransactionViewController.m */ = {isa = PBXFileReference; fileEncoding = 4; lastKnownFileType = sourcecode.c.objc; path = MMEXAddTransactionViewController.m; sourceTree = "<group>"; };
		BE086B661BEDF53700CEF360 /* MMEXAddTransactionViewController.xib */ = {isa = PBXFileReference; fileEncoding = 4; lastKnownFileType = file.xib; path = MMEXAddTransactionViewController.xib; sourceTree = "<group>"; };
		BE086B691BEDF59A00CEF360 /* MMEXMyAccountViewController.h */ = {isa = PBXFileReference; fileEncoding = 4; lastKnownFileType = sourcecode.c.h; path = MMEXMyAccountViewController.h; sourceTree = "<group>"; };
		BE086B6A1BEDF59A00CEF360 /* MMEXMyAccountViewController.m */ = {isa = PBXFileReference; fileEncoding = 4; lastKnownFileType = sourcecode.c.objc; path = MMEXMyAccountViewController.m; sourceTree = "<group>"; };
		BE086B6B1BEDF59A00CEF360 /* MMEXMyAccountViewController.xib */ = {isa = PBXFileReference; fileEncoding = 4; lastKnownFileType = file.xib; path = MMEXMyAccountViewController.xib; sourceTree = "<group>"; };
		BE086B6E1BEDF5C900CEF360 /* MMEXAssetsViewController.h */ = {isa = PBXFileReference; fileEncoding = 4; lastKnownFileType = sourcecode.c.h; path = MMEXAssetsViewController.h; sourceTree = "<group>"; };
		BE086B6F1BEDF5C900CEF360 /* MMEXAssetsViewController.m */ = {isa = PBXFileReference; fileEncoding = 4; lastKnownFileType = sourcecode.c.objc; path = MMEXAssetsViewController.m; sourceTree = "<group>"; };
		BE086B701BEDF5C900CEF360 /* MMEXAssetsViewController.xib */ = {isa = PBXFileReference; fileEncoding = 4; lastKnownFileType = file.xib; path = MMEXAssetsViewController.xib; sourceTree = "<group>"; };
		BE0BC0971D9AA8600084FC40 /* Base */ = {isa = PBXFileReference; lastKnownFileType = file.xib; name = Base; path = Base.lproj/MMEXGenderPickerView.xib; sourceTree = "<group>"; };
		BE0BC09A1D9AA88A0084FC40 /* en */ = {isa = PBXFileReference; lastKnownFileType = text.plist.strings; name = en; path = en.lproj/MMEXGenderPickerView.strings; sourceTree = "<group>"; };
		BE0BC09C1D9AA88C0084FC40 /* zh-Hans */ = {isa = PBXFileReference; lastKnownFileType = text.plist.strings; name = "zh-Hans"; path = "zh-Hans.lproj/MMEXGenderPickerView.strings"; sourceTree = "<group>"; };
		BE0BC09D1D9AA9320084FC40 /* MMEXDatePickerView.h */ = {isa = PBXFileReference; fileEncoding = 4; lastKnownFileType = sourcecode.c.h; name = MMEXDatePickerView.h; path = View/CustomView/MMEXDatePickerView.h; sourceTree = "<group>"; };
		BE0BC09E1D9AA9320084FC40 /* MMEXDatePickerView.m */ = {isa = PBXFileReference; fileEncoding = 4; lastKnownFileType = sourcecode.c.objc; name = MMEXDatePickerView.m; path = View/CustomView/MMEXDatePickerView.m; sourceTree = "<group>"; };
		BE0BC0A31D9AC6970084FC40 /* Base */ = {isa = PBXFileReference; lastKnownFileType = file.xib; name = Base; path = Base.lproj/MMEXDatePickerView.xib; sourceTree = "<group>"; };
		BE0BC0A61D9AC69A0084FC40 /* en */ = {isa = PBXFileReference; lastKnownFileType = text.plist.strings; name = en; path = en.lproj/MMEXDatePickerView.strings; sourceTree = "<group>"; };
		BE0BC0A81D9AC69B0084FC40 /* zh-Hans */ = {isa = PBXFileReference; lastKnownFileType = text.plist.strings; name = "zh-Hans"; path = "zh-Hans.lproj/MMEXDatePickerView.strings"; sourceTree = "<group>"; };
		BE0BC0AA1D9AC83B0084FC40 /* CurrencyTypeInfoViewController.h */ = {isa = PBXFileReference; fileEncoding = 4; lastKnownFileType = sourcecode.c.h; name = CurrencyTypeInfoViewController.h; path = CurrencyType/CurrencyTypeInfoViewController.h; sourceTree = "<group>"; };
		BE0BC0AB1D9AC83B0084FC40 /* CurrencyTypeInfoViewController.m */ = {isa = PBXFileReference; fileEncoding = 4; lastKnownFileType = sourcecode.c.objc; name = CurrencyTypeInfoViewController.m; path = CurrencyType/CurrencyTypeInfoViewController.m; sourceTree = "<group>"; };
		BE0BC0AC1D9AC83B0084FC40 /* CurrencyTypeInfoViewController.xib */ = {isa = PBXFileReference; fileEncoding = 4; lastKnownFileType = file.xib; name = CurrencyTypeInfoViewController.xib; path = CurrencyType/CurrencyTypeInfoViewController.xib; sourceTree = "<group>"; };
		BE0BC0AF1D9AC9530084FC40 /* MMEXContactInfoViewController.h */ = {isa = PBXFileReference; fileEncoding = 4; lastKnownFileType = sourcecode.c.h; name = MMEXContactInfoViewController.h; path = "Controller/Contacts Page/MMEXContactInfoViewController.h"; sourceTree = "<group>"; };
		BE0BC0B01D9AC9530084FC40 /* MMEXContactInfoViewController.m */ = {isa = PBXFileReference; fileEncoding = 4; lastKnownFileType = sourcecode.c.objc; name = MMEXContactInfoViewController.m; path = "Controller/Contacts Page/MMEXContactInfoViewController.m"; sourceTree = "<group>"; };
		BE0BC0B11D9AC9530084FC40 /* MMEXContactInfoViewController.xib */ = {isa = PBXFileReference; fileEncoding = 4; lastKnownFileType = file.xib; name = MMEXContactInfoViewController.xib; path = "Controller/Contacts Page/MMEXContactInfoViewController.xib"; sourceTree = "<group>"; };
		BE147CBF1D2CBB0F00E50791 /* MoneyManagerEx.pch */ = {isa = PBXFileReference; fileEncoding = 4; lastKnownFileType = sourcecode.c.h; name = MoneyManagerEx.pch; path = Macro/MoneyManagerEx.pch; sourceTree = "<group>"; };
		BE35F3E31D30DF85004110A4 /* LoginInfoModel.h */ = {isa = PBXFileReference; fileEncoding = 4; lastKnownFileType = sourcecode.c.h; name = LoginInfoModel.h; path = MMEX_SDK/Model/LoginInfoModel.h; sourceTree = "<group>"; };
		BE35F3E41D30DF85004110A4 /* LoginInfoModel.m */ = {isa = PBXFileReference; fileEncoding = 4; lastKnownFileType = sourcecode.c.objc; name = LoginInfoModel.m; path = MMEX_SDK/Model/LoginInfoModel.m; sourceTree = "<group>"; };
		BE35F3E71D30E12F004110A4 /* UserInfoModel.h */ = {isa = PBXFileReference; fileEncoding = 4; lastKnownFileType = sourcecode.c.h; name = UserInfoModel.h; path = MMEX_SDK/Model/UserInfoModel.h; sourceTree = "<group>"; };
		BE35F3E81D30E12F004110A4 /* UserInfoModel.m */ = {isa = PBXFileReference; fileEncoding = 4; lastKnownFileType = sourcecode.c.objc; name = UserInfoModel.m; path = MMEX_SDK/Model/UserInfoModel.m; sourceTree = "<group>"; };
		BE35F3EA1D30E266004110A4 /* ContactModel.h */ = {isa = PBXFileReference; fileEncoding = 4; lastKnownFileType = sourcecode.c.h; name = ContactModel.h; path = MMEX_SDK/Model/ContactModel.h; sourceTree = "<group>"; };
		BE35F3EB1D30E266004110A4 /* ContactModel.m */ = {isa = PBXFileReference; fileEncoding = 4; lastKnownFileType = sourcecode.c.objc; name = ContactModel.m; path = MMEX_SDK/Model/ContactModel.m; sourceTree = "<group>"; };
		BE35F3ED1D30E2FC004110A4 /* AccountModel.h */ = {isa = PBXFileReference; fileEncoding = 4; lastKnownFileType = sourcecode.c.h; name = AccountModel.h; path = MMEX_SDK/Model/AccountModel.h; sourceTree = "<group>"; };
		BE35F3EE1D30E2FC004110A4 /* AccountModel.m */ = {isa = PBXFileReference; fileEncoding = 4; lastKnownFileType = sourcecode.c.objc; name = AccountModel.m; path = MMEX_SDK/Model/AccountModel.m; sourceTree = "<group>"; };
		BE35F3F01D30E374004110A4 /* MerchantModel.h */ = {isa = PBXFileReference; fileEncoding = 4; lastKnownFileType = sourcecode.c.h; name = MerchantModel.h; path = MMEX_SDK/Model/MerchantModel.h; sourceTree = "<group>"; };
		BE35F3F11D30E374004110A4 /* MerchantModel.m */ = {isa = PBXFileReference; fileEncoding = 4; lastKnownFileType = sourcecode.c.objc; name = MerchantModel.m; path = MMEX_SDK/Model/MerchantModel.m; sourceTree = "<group>"; };
		BE35F3F31D30E6A5004110A4 /* CurrencyModel.h */ = {isa = PBXFileReference; fileEncoding = 4; lastKnownFileType = sourcecode.c.h; name = CurrencyModel.h; path = MMEX_SDK/Model/CurrencyModel.h; sourceTree = "<group>"; };
		BE35F3F41D30E6A5004110A4 /* CurrencyModel.m */ = {isa = PBXFileReference; fileEncoding = 4; lastKnownFileType = sourcecode.c.objc; name = CurrencyModel.m; path = MMEX_SDK/Model/CurrencyModel.m; sourceTree = "<group>"; };
		BE35F3F61D30E824004110A4 /* TransactionTypeModel.h */ = {isa = PBXFileReference; fileEncoding = 4; lastKnownFileType = sourcecode.c.h; name = TransactionTypeModel.h; path = MMEX_SDK/Model/TransactionTypeModel.h; sourceTree = "<group>"; };
		BE35F3F71D30E824004110A4 /* TransactionTypeModel.m */ = {isa = PBXFileReference; fileEncoding = 4; lastKnownFileType = sourcecode.c.objc; name = TransactionTypeModel.m; path = MMEX_SDK/Model/TransactionTypeModel.m; sourceTree = "<group>"; };
		BE35F3F91D30E8DE004110A4 /* TransactionModel.h */ = {isa = PBXFileReference; fileEncoding = 4; lastKnownFileType = sourcecode.c.h; name = TransactionModel.h; path = MMEX_SDK/Model/TransactionModel.h; sourceTree = "<group>"; };
		BE35F3FA1D30E8DE004110A4 /* TransactionModel.m */ = {isa = PBXFileReference; fileEncoding = 4; lastKnownFileType = sourcecode.c.objc; name = TransactionModel.m; path = MMEX_SDK/Model/TransactionModel.m; sourceTree = "<group>"; };
		BE35F3FE1D30EB68004110A4 /* MoneyManagerExDBCenter.h */ = {isa = PBXFileReference; fileEncoding = 4; lastKnownFileType = sourcecode.c.h; path = MoneyManagerExDBCenter.h; sourceTree = "<group>"; };
		BE35F3FF1D30EB68004110A4 /* MoneyManagerExDBCenter.m */ = {isa = PBXFileReference; fileEncoding = 4; lastKnownFileType = sourcecode.c.objc; path = MoneyManagerExDBCenter.m; sourceTree = "<group>"; };
		BE35F4011D30EB68004110A4 /* Account+CoreDataProperties.h */ = {isa = PBXFileReference; fileEncoding = 4; lastKnownFileType = sourcecode.c.h; path = "Account+CoreDataProperties.h"; sourceTree = "<group>"; };
		BE35F4021D30EB68004110A4 /* Account+CoreDataProperties.m */ = {isa = PBXFileReference; fileEncoding = 4; lastKnownFileType = sourcecode.c.objc; path = "Account+CoreDataProperties.m"; sourceTree = "<group>"; };
		BE35F4031D30EB68004110A4 /* Account.h */ = {isa = PBXFileReference; fileEncoding = 4; lastKnownFileType = sourcecode.c.h; path = Account.h; sourceTree = "<group>"; };
		BE35F4041D30EB68004110A4 /* Account.m */ = {isa = PBXFileReference; fileEncoding = 4; lastKnownFileType = sourcecode.c.objc; path = Account.m; sourceTree = "<group>"; };
		BE35F4051D30EB68004110A4 /* BaseManagedObject.h */ = {isa = PBXFileReference; fileEncoding = 4; lastKnownFileType = sourcecode.c.h; path = BaseManagedObject.h; sourceTree = "<group>"; };
		BE35F4061D30EB68004110A4 /* BaseManagedObject.m */ = {isa = PBXFileReference; fileEncoding = 4; lastKnownFileType = sourcecode.c.objc; path = BaseManagedObject.m; sourceTree = "<group>"; };
		BE35F4071D30EB68004110A4 /* Contacts+CoreDataProperties.h */ = {isa = PBXFileReference; fileEncoding = 4; lastKnownFileType = sourcecode.c.h; path = "Contacts+CoreDataProperties.h"; sourceTree = "<group>"; };
		BE35F4081D30EB68004110A4 /* Contacts+CoreDataProperties.m */ = {isa = PBXFileReference; fileEncoding = 4; lastKnownFileType = sourcecode.c.objc; path = "Contacts+CoreDataProperties.m"; sourceTree = "<group>"; };
		BE35F4091D30EB68004110A4 /* Contacts.h */ = {isa = PBXFileReference; fileEncoding = 4; lastKnownFileType = sourcecode.c.h; path = Contacts.h; sourceTree = "<group>"; };
		BE35F40A1D30EB68004110A4 /* Contacts.m */ = {isa = PBXFileReference; fileEncoding = 4; lastKnownFileType = sourcecode.c.objc; path = Contacts.m; sourceTree = "<group>"; };
		BE35F40B1D30EB68004110A4 /* Currency+CoreDataProperties.h */ = {isa = PBXFileReference; fileEncoding = 4; lastKnownFileType = sourcecode.c.h; path = "Currency+CoreDataProperties.h"; sourceTree = "<group>"; };
		BE35F40C1D30EB68004110A4 /* Currency+CoreDataProperties.m */ = {isa = PBXFileReference; fileEncoding = 4; lastKnownFileType = sourcecode.c.objc; path = "Currency+CoreDataProperties.m"; sourceTree = "<group>"; };
		BE35F40D1D30EB68004110A4 /* Currency.h */ = {isa = PBXFileReference; fileEncoding = 4; lastKnownFileType = sourcecode.c.h; path = Currency.h; sourceTree = "<group>"; };
		BE35F40E1D30EB68004110A4 /* Currency.m */ = {isa = PBXFileReference; fileEncoding = 4; lastKnownFileType = sourcecode.c.objc; path = Currency.m; sourceTree = "<group>"; };
		BE35F40F1D30EB68004110A4 /* LoginRecord+CoreDataProperties.h */ = {isa = PBXFileReference; fileEncoding = 4; lastKnownFileType = sourcecode.c.h; path = "LoginRecord+CoreDataProperties.h"; sourceTree = "<group>"; };
		BE35F4101D30EB68004110A4 /* LoginRecord+CoreDataProperties.m */ = {isa = PBXFileReference; fileEncoding = 4; lastKnownFileType = sourcecode.c.objc; path = "LoginRecord+CoreDataProperties.m"; sourceTree = "<group>"; };
		BE35F4111D30EB68004110A4 /* LoginRecord.h */ = {isa = PBXFileReference; fileEncoding = 4; lastKnownFileType = sourcecode.c.h; path = LoginRecord.h; sourceTree = "<group>"; };
		BE35F4121D30EB68004110A4 /* LoginRecord.m */ = {isa = PBXFileReference; fileEncoding = 4; lastKnownFileType = sourcecode.c.objc; path = LoginRecord.m; sourceTree = "<group>"; };
		BE35F4131D30EB68004110A4 /* Merchant+CoreDataProperties.h */ = {isa = PBXFileReference; fileEncoding = 4; lastKnownFileType = sourcecode.c.h; path = "Merchant+CoreDataProperties.h"; sourceTree = "<group>"; };
		BE35F4141D30EB68004110A4 /* Merchant+CoreDataProperties.m */ = {isa = PBXFileReference; fileEncoding = 4; lastKnownFileType = sourcecode.c.objc; path = "Merchant+CoreDataProperties.m"; sourceTree = "<group>"; };
		BE35F4151D30EB68004110A4 /* Merchant.h */ = {isa = PBXFileReference; fileEncoding = 4; lastKnownFileType = sourcecode.c.h; path = Merchant.h; sourceTree = "<group>"; };
		BE35F4161D30EB68004110A4 /* Merchant.m */ = {isa = PBXFileReference; fileEncoding = 4; lastKnownFileType = sourcecode.c.objc; path = Merchant.m; sourceTree = "<group>"; };
		BE35F4171D30EB68004110A4 /* Transaction+CoreDataProperties.h */ = {isa = PBXFileReference; fileEncoding = 4; lastKnownFileType = sourcecode.c.h; path = "Transaction+CoreDataProperties.h"; sourceTree = "<group>"; };
		BE35F4181D30EB68004110A4 /* Transaction+CoreDataProperties.m */ = {isa = PBXFileReference; fileEncoding = 4; lastKnownFileType = sourcecode.c.objc; path = "Transaction+CoreDataProperties.m"; sourceTree = "<group>"; };
		BE35F4191D30EB68004110A4 /* Transaction.h */ = {isa = PBXFileReference; fileEncoding = 4; lastKnownFileType = sourcecode.c.h; path = Transaction.h; sourceTree = "<group>"; };
		BE35F41A1D30EB68004110A4 /* Transaction.m */ = {isa = PBXFileReference; fileEncoding = 4; lastKnownFileType = sourcecode.c.objc; path = Transaction.m; sourceTree = "<group>"; };
		BE35F41B1D30EB68004110A4 /* TransactionType+CoreDataProperties.h */ = {isa = PBXFileReference; fileEncoding = 4; lastKnownFileType = sourcecode.c.h; path = "TransactionType+CoreDataProperties.h"; sourceTree = "<group>"; };
		BE35F41C1D30EB68004110A4 /* TransactionType+CoreDataProperties.m */ = {isa = PBXFileReference; fileEncoding = 4; lastKnownFileType = sourcecode.c.objc; path = "TransactionType+CoreDataProperties.m"; sourceTree = "<group>"; };
		BE35F41D1D30EB68004110A4 /* TransactionType.h */ = {isa = PBXFileReference; fileEncoding = 4; lastKnownFileType = sourcecode.c.h; path = TransactionType.h; sourceTree = "<group>"; };
		BE35F41E1D30EB68004110A4 /* TransactionType.m */ = {isa = PBXFileReference; fileEncoding = 4; lastKnownFileType = sourcecode.c.objc; path = TransactionType.m; sourceTree = "<group>"; };
		BE35F41F1D30EB68004110A4 /* UserInfo+CoreDataProperties.h */ = {isa = PBXFileReference; fileEncoding = 4; lastKnownFileType = sourcecode.c.h; path = "UserInfo+CoreDataProperties.h"; sourceTree = "<group>"; };
		BE35F4201D30EB68004110A4 /* UserInfo+CoreDataProperties.m */ = {isa = PBXFileReference; fileEncoding = 4; lastKnownFileType = sourcecode.c.objc; path = "UserInfo+CoreDataProperties.m"; sourceTree = "<group>"; };
		BE35F4211D30EB68004110A4 /* UserInfo.h */ = {isa = PBXFileReference; fileEncoding = 4; lastKnownFileType = sourcecode.c.h; path = UserInfo.h; sourceTree = "<group>"; };
		BE35F4221D30EB68004110A4 /* UserInfo.m */ = {isa = PBXFileReference; fileEncoding = 4; lastKnownFileType = sourcecode.c.objc; path = UserInfo.m; sourceTree = "<group>"; };
		BE35F4251D30EB68004110A4 /* MoneyManagerEx.xcdatamodel */ = {isa = PBXFileReference; lastKnownFileType = wrapper.xcdatamodel; path = MoneyManagerEx.xcdatamodel; sourceTree = "<group>"; };
		BE35F4391D30FDB2004110A4 /* StringUtility.h */ = {isa = PBXFileReference; fileEncoding = 4; lastKnownFileType = sourcecode.c.h; name = StringUtility.h; path = Helper/StringUtility.h; sourceTree = "<group>"; };
		BE35F43A1D30FDB2004110A4 /* StringUtility.m */ = {isa = PBXFileReference; fileEncoding = 4; lastKnownFileType = sourcecode.c.objc; name = StringUtility.m; path = Helper/StringUtility.m; sourceTree = "<group>"; };
		BE618D731D93FE2000984C45 /* Base */ = {isa = PBXFileReference; lastKnownFileType = file.xib; name = Base; path = Base.lproj/BankAccountEditTableViewCell.xib; sourceTree = "<group>"; };
		BE618D791D942BB700984C45 /* en */ = {isa = PBXFileReference; lastKnownFileType = text.plist.strings; name = en; path = en.lproj/BankAccountEditTableViewCell.strings; sourceTree = "<group>"; };
		BE618D7B1D942BBB00984C45 /* zh-Hans */ = {isa = PBXFileReference; lastKnownFileType = text.plist.strings; name = "zh-Hans"; path = "zh-Hans.lproj/BankAccountEditTableViewCell.strings"; sourceTree = "<group>"; };
		BE618D7D1D94400E00984C45 /* Base */ = {isa = PBXFileReference; lastKnownFileType = file.xib; name = Base; path = Base.lproj/EditBasicInfoTableViewCell.xib; sourceTree = "<group>"; };
		BE618D801D94401200984C45 /* en */ = {isa = PBXFileReference; lastKnownFileType = text.plist.strings; name = en; path = en.lproj/EditBasicInfoTableViewCell.strings; sourceTree = "<group>"; };
		BE618D821D94401400984C45 /* zh-Hans */ = {isa = PBXFileReference; lastKnownFileType = text.plist.strings; name = "zh-Hans"; path = "zh-Hans.lproj/EditBasicInfoTableViewCell.strings"; sourceTree = "<group>"; };
		BE618D841D9698A600984C45 /* CurrentUserBasicInfoViewController.h */ = {isa = PBXFileReference; fileEncoding = 4; lastKnownFileType = sourcecode.c.h; name = CurrentUserBasicInfoViewController.h; path = BasicInfo/CurrentUserBasicInfoViewController.h; sourceTree = "<group>"; };
		BE618D851D9698A600984C45 /* CurrentUserBasicInfoViewController.m */ = {isa = PBXFileReference; fileEncoding = 4; lastKnownFileType = sourcecode.c.objc; name = CurrentUserBasicInfoViewController.m; path = BasicInfo/CurrentUserBasicInfoViewController.m; sourceTree = "<group>"; };
		BE618D861D9698A600984C45 /* CurrentUserBasicInfoViewController.xib */ = {isa = PBXFileReference; fileEncoding = 4; lastKnownFileType = file.xib; name = CurrentUserBasicInfoViewController.xib; path = BasicInfo/CurrentUserBasicInfoViewController.xib; sourceTree = "<group>"; };
		BE618D891D969C4000984C45 /* MyNameViewController.h */ = {isa = PBXFileReference; fileEncoding = 4; lastKnownFileType = sourcecode.c.h; name = MyNameViewController.h; path = BasicInfo/MyNameViewController.h; sourceTree = "<group>"; };
		BE618D8A1D969C4000984C45 /* MyNameViewController.m */ = {isa = PBXFileReference; fileEncoding = 4; lastKnownFileType = sourcecode.c.objc; name = MyNameViewController.m; path = BasicInfo/MyNameViewController.m; sourceTree = "<group>"; };
		BE618D8B1D969C4000984C45 /* MyNameViewController.xib */ = {isa = PBXFileReference; fileEncoding = 4; lastKnownFileType = file.xib; name = MyNameViewController.xib; path = BasicInfo/MyNameViewController.xib; sourceTree = "<group>"; };
		BE618D8F1D97EE1100984C45 /* MMEXGenderPickerView.h */ = {isa = PBXFileReference; fileEncoding = 4; lastKnownFileType = sourcecode.c.h; name = MMEXGenderPickerView.h; path = View/CustomView/MMEXGenderPickerView.h; sourceTree = "<group>"; };
		BE618D901D97EE1100984C45 /* MMEXGenderPickerView.m */ = {isa = PBXFileReference; fileEncoding = 4; lastKnownFileType = sourcecode.c.objc; name = MMEXGenderPickerView.m; path = View/CustomView/MMEXGenderPickerView.m; sourceTree = "<group>"; };
		BE6586761D51FCF50091FC7D /* ImageIO.framework */ = {isa = PBXFileReference; lastKnownFileType = wrapper.framework; name = ImageIO.framework; path = System/Library/Frameworks/ImageIO.framework; sourceTree = SDKROOT; };
		BE6E7C501BF8D50E00339A4B /* MobileDeviceHelper.h */ = {isa = PBXFileReference; fileEncoding = 4; lastKnownFileType = sourcecode.c.h; name = MobileDeviceHelper.h; path = Helper/MobileDeviceHelper.h; sourceTree = "<group>"; };
		BE7288481D885661007687B5 /* MyBankAccountListViewController.h */ = {isa = PBXFileReference; fileEncoding = 4; lastKnownFileType = sourcecode.c.h; path = MyBankAccountListViewController.h; sourceTree = "<group>"; };
		BE7288491D885661007687B5 /* MyBankAccountListViewController.m */ = {isa = PBXFileReference; fileEncoding = 4; lastKnownFileType = sourcecode.c.objc; path = MyBankAccountListViewController.m; sourceTree = "<group>"; };
		BE72884B1D885692007687B5 /* MyBankAccountListViewController.xib */ = {isa = PBXFileReference; fileEncoding = 4; lastKnownFileType = file.xib; path = MyBankAccountListViewController.xib; sourceTree = "<group>"; };
		BE8163441DCA19D800BF90EC /* EditBasicInfoDelegate.h */ = {isa = PBXFileReference; fileEncoding = 4; lastKnownFileType = sourcecode.c.h; name = EditBasicInfoDelegate.h; path = View/Me/BasicInfo/EditBasicInfoDelegate.h; sourceTree = "<group>"; };
		BE8163481DCA37F400BF90EC /* UIImage+Crop.h */ = {isa = PBXFileReference; fileEncoding = 4; lastKnownFileType = sourcecode.c.h; name = "UIImage+Crop.h"; path = "Categories/UIImage+Crop.h"; sourceTree = "<group>"; };
		BE8163491DCA37F400BF90EC /* UIImage+Crop.m */ = {isa = PBXFileReference; fileEncoding = 4; lastKnownFileType = sourcecode.c.objc; name = "UIImage+Crop.m"; path = "Categories/UIImage+Crop.m"; sourceTree = "<group>"; };
		BE89A7B61BF4144D00411171 /* MobileSystemHelper.h */ = {isa = PBXFileReference; fileEncoding = 4; lastKnownFileType = sourcecode.c.h; name = MobileSystemHelper.h; path = Helper/MobileSystemHelper.h; sourceTree = "<group>"; };
		BE9009691D8EC56800A570D6 /* TransactionTypeListViewController.h */ = {isa = PBXFileReference; fileEncoding = 4; lastKnownFileType = sourcecode.c.h; path = TransactionTypeListViewController.h; sourceTree = "<group>"; };
		BE90096A1D8EC56800A570D6 /* TransactionTypeListViewController.m */ = {isa = PBXFileReference; fileEncoding = 4; lastKnownFileType = sourcecode.c.objc; path = TransactionTypeListViewController.m; sourceTree = "<group>"; };
		BE90096B1D8EC56800A570D6 /* TransactionTypeListViewController.xib */ = {isa = PBXFileReference; fileEncoding = 4; lastKnownFileType = file.xib; path = TransactionTypeListViewController.xib; sourceTree = "<group>"; };
		BE90096E1D8ECBCB00A570D6 /* SubTransactionTypeListViewController.h */ = {isa = PBXFileReference; fileEncoding = 4; lastKnownFileType = sourcecode.c.h; path = SubTransactionTypeListViewController.h; sourceTree = "<group>"; };
		BE90096F1D8ECBCB00A570D6 /* SubTransactionTypeListViewController.m */ = {isa = PBXFileReference; fileEncoding = 4; lastKnownFileType = sourcecode.c.objc; path = SubTransactionTypeListViewController.m; sourceTree = "<group>"; };
		BE9009701D8ECBCB00A570D6 /* SubTransactionTypeListViewController.xib */ = {isa = PBXFileReference; fileEncoding = 4; lastKnownFileType = file.xib; path = SubTransactionTypeListViewController.xib; sourceTree = "<group>"; };
		BE9472761BE5F4EE001FF64C /* MoneyManagerEx.app */ = {isa = PBXFileReference; explicitFileType = wrapper.application; includeInIndex = 0; path = MoneyManagerEx.app; sourceTree = BUILT_PRODUCTS_DIR; };
		BE94727A1BE5F4EE001FF64C /* main.m */ = {isa = PBXFileReference; lastKnownFileType = sourcecode.c.objc; path = main.m; sourceTree = "<group>"; };
		BE9472881BE5F4EE001FF64C /* Assets.xcassets */ = {isa = PBXFileReference; lastKnownFileType = folder.assetcatalog; path = Assets.xcassets; sourceTree = "<group>"; };
		BE94728B1BE5F4EE001FF64C /* Base */ = {isa = PBXFileReference; lastKnownFileType = file.storyboard; name = Base; path = Base.lproj/LaunchScreen.storyboard; sourceTree = "<group>"; };
		BE9472921BE5F4EE001FF64C /* MoneyManagerExTests.xctest */ = {isa = PBXFileReference; explicitFileType = wrapper.cfbundle; includeInIndex = 0; path = MoneyManagerExTests.xctest; sourceTree = BUILT_PRODUCTS_DIR; };
		BE9472961BE5F4EE001FF64C /* MoneyManagerExTests.m */ = {isa = PBXFileReference; lastKnownFileType = sourcecode.c.objc; path = MoneyManagerExTests.m; sourceTree = "<group>"; };
		BE9472981BE5F4EE001FF64C /* Info.plist */ = {isa = PBXFileReference; lastKnownFileType = text.plist.xml; path = Info.plist; sourceTree = "<group>"; };
		BE94729D1BE5F4EE001FF64C /* MoneyManagerExUITests.xctest */ = {isa = PBXFileReference; explicitFileType = wrapper.cfbundle; includeInIndex = 0; path = MoneyManagerExUITests.xctest; sourceTree = BUILT_PRODUCTS_DIR; };
		BE9472A11BE5F4EE001FF64C /* MoneyManagerExUITests.m */ = {isa = PBXFileReference; lastKnownFileType = sourcecode.c.objc; path = MoneyManagerExUITests.m; sourceTree = "<group>"; };
		BE9472A31BE5F4EE001FF64C /* Info.plist */ = {isa = PBXFileReference; lastKnownFileType = text.plist.xml; path = Info.plist; sourceTree = "<group>"; };
		BE9472C21BE60B50001FF64C /* UserDefaultKeyDefine.h */ = {isa = PBXFileReference; fileEncoding = 4; lastKnownFileType = sourcecode.c.h; name = UserDefaultKeyDefine.h; path = Macro/UserDefaultKeyDefine.h; sourceTree = "<group>"; };
		BE9472C31BE60BFA001FF64C /* AppDelegate.h */ = {isa = PBXFileReference; fileEncoding = 4; lastKnownFileType = sourcecode.c.h; path = AppDelegate.h; sourceTree = "<group>"; };
		BE9472C41BE60BFA001FF64C /* AppDelegate.m */ = {isa = PBXFileReference; fileEncoding = 4; lastKnownFileType = sourcecode.c.objc; path = AppDelegate.m; sourceTree = "<group>"; };
		BE9472C61BE610F7001FF64C /* MMEXCreateFirstAccountGuideViewController.h */ = {isa = PBXFileReference; fileEncoding = 4; lastKnownFileType = sourcecode.c.h; path = MMEXCreateFirstAccountGuideViewController.h; sourceTree = "<group>"; };
		BE9472C71BE610F7001FF64C /* MMEXCreateFirstAccountGuideViewController.m */ = {isa = PBXFileReference; fileEncoding = 4; lastKnownFileType = sourcecode.c.objc; path = MMEXCreateFirstAccountGuideViewController.m; sourceTree = "<group>"; };
		BEAEC61A1BE9109300D11A05 /* MMEXStartPageViewController.h */ = {isa = PBXFileReference; fileEncoding = 4; lastKnownFileType = sourcecode.c.h; path = MMEXStartPageViewController.h; sourceTree = "<group>"; };
		BEAEC61B1BE9109300D11A05 /* MMEXStartPageViewController.m */ = {isa = PBXFileReference; fileEncoding = 4; lastKnownFileType = sourcecode.c.objc; path = MMEXStartPageViewController.m; sourceTree = "<group>"; };
		BEB7BA291D8ECE6A0065CE2A /* CurrencyTypeListViewController.h */ = {isa = PBXFileReference; fileEncoding = 4; lastKnownFileType = sourcecode.c.h; path = CurrencyTypeListViewController.h; sourceTree = "<group>"; };
		BEB7BA2A1D8ECE6A0065CE2A /* CurrencyTypeListViewController.m */ = {isa = PBXFileReference; fileEncoding = 4; lastKnownFileType = sourcecode.c.objc; path = CurrencyTypeListViewController.m; sourceTree = "<group>"; };
		BEB7BA2B1D8ECE6A0065CE2A /* CurrencyTypeListViewController.xib */ = {isa = PBXFileReference; fileEncoding = 4; lastKnownFileType = file.xib; path = CurrencyTypeListViewController.xib; sourceTree = "<group>"; };
		BEB7BA2E1D8ED2BB0065CE2A /* BankAccountViewController.h */ = {isa = PBXFileReference; fileEncoding = 4; lastKnownFileType = sourcecode.c.h; path = BankAccountViewController.h; sourceTree = "<group>"; };
		BEB7BA2F1D8ED2BB0065CE2A /* BankAccountViewController.m */ = {isa = PBXFileReference; fileEncoding = 4; lastKnownFileType = sourcecode.c.objc; path = BankAccountViewController.m; sourceTree = "<group>"; };
		BEB7BA301D8ED2BB0065CE2A /* BankAccountViewController.xib */ = {isa = PBXFileReference; fileEncoding = 4; lastKnownFileType = file.xib; path = BankAccountViewController.xib; sourceTree = "<group>"; };
		BEBE58FD1DCB95880084DD72 /* IBaseMgr.h */ = {isa = PBXFileReference; fileEncoding = 4; lastKnownFileType = sourcecode.c.h; name = IBaseMgr.h; path = MMEX_SDK/Interface/IBaseMgr.h; sourceTree = "<group>"; };
		BEBE58FE1DCB964D0084DD72 /* MainMgr.h */ = {isa = PBXFileReference; fileEncoding = 4; lastKnownFileType = sourcecode.c.h; name = MainMgr.h; path = MMEX_SDK/Interface/MainMgr.h; sourceTree = "<group>"; };
		BEBE58FF1DCB964D0084DD72 /* MainMgr.m */ = {isa = PBXFileReference; fileEncoding = 4; lastKnownFileType = sourcecode.c.objc; name = MainMgr.m; path = MMEX_SDK/Interface/MainMgr.m; sourceTree = "<group>"; };
		BEBE59011DCB96B20084DD72 /* MMEX.h */ = {isa = PBXFileReference; fileEncoding = 4; lastKnownFileType = sourcecode.c.h; name = MMEX.h; path = MMEX_SDK/Interface/MMEX.h; sourceTree = "<group>"; };
		BEBE59021DCB96B20084DD72 /* MMEX.m */ = {isa = PBXFileReference; fileEncoding = 4; lastKnownFileType = sourcecode.c.objc; name = MMEX.m; path = MMEX_SDK/Interface/MMEX.m; sourceTree = "<group>"; };
		BEBE59071DCBA2DD0084DD72 /* NSDate+Format.h */ = {isa = PBXFileReference; fileEncoding = 4; lastKnownFileType = sourcecode.c.h; name = "NSDate+Format.h"; path = "Categories/NSDate+Format.h"; sourceTree = "<group>"; };
		BEBE59081DCBA2DD0084DD72 /* NSDate+Format.m */ = {isa = PBXFileReference; fileEncoding = 4; lastKnownFileType = sourcecode.c.objc; name = "NSDate+Format.m"; path = "Categories/NSDate+Format.m"; sourceTree = "<group>"; };
		BEC14F201BEF946A00FF8D61 /* MMEXSetFavoriteSubAccountViewController.h */ = {isa = PBXFileReference; fileEncoding = 4; lastKnownFileType = sourcecode.c.h; path = MMEXSetFavoriteSubAccountViewController.h; sourceTree = "<group>"; };
		BEC14F211BEF946A00FF8D61 /* MMEXSetFavoriteSubAccountViewController.m */ = {isa = PBXFileReference; fileEncoding = 4; lastKnownFileType = sourcecode.c.objc; path = MMEXSetFavoriteSubAccountViewController.m; sourceTree = "<group>"; };
		BECE3E4F1D12E8230075D562 /* MMEXMyAccountTableViewCell.h */ = {isa = PBXFileReference; fileEncoding = 4; lastKnownFileType = sourcecode.c.h; name = MMEXMyAccountTableViewCell.h; path = View/Me/MMEXMyAccountTableViewCell.h; sourceTree = "<group>"; };
		BECE3E501D12E8230075D562 /* MMEXMyAccountTableViewCell.m */ = {isa = PBXFileReference; fileEncoding = 4; lastKnownFileType = sourcecode.c.objc; name = MMEXMyAccountTableViewCell.m; path = View/Me/MMEXMyAccountTableViewCell.m; sourceTree = "<group>"; };
		BECE3E511D12E8230075D562 /* MMEXMyAccountTableViewCell.xib */ = {isa = PBXFileReference; fileEncoding = 4; lastKnownFileType = file.xib; name = MMEXMyAccountTableViewCell.xib; path = View/Me/MMEXMyAccountTableViewCell.xib; sourceTree = "<group>"; };
		BECE3E5B1D1450FC0075D562 /* EditBasicInfoTableViewCell.h */ = {isa = PBXFileReference; fileEncoding = 4; lastKnownFileType = sourcecode.c.h; name = EditBasicInfoTableViewCell.h; path = View/Me/BasicInfo/EditBasicInfoTableViewCell.h; sourceTree = "<group>"; };
		BECE3E5C1D1450FC0075D562 /* EditBasicInfoTableViewCell.m */ = {isa = PBXFileReference; fileEncoding = 4; lastKnownFileType = sourcecode.c.objc; name = EditBasicInfoTableViewCell.m; path = View/Me/BasicInfo/EditBasicInfoTableViewCell.m; sourceTree = "<group>"; };
		BED92E701DCB7F1800EFD601 /* CoreMedia.framework */ = {isa = PBXFileReference; lastKnownFileType = wrapper.framework; name = CoreMedia.framework; path = System/Library/Frameworks/CoreMedia.framework; sourceTree = SDKROOT; };
		BED92E741DCB905500EFD601 /* ILoginAccountMgr.h */ = {isa = PBXFileReference; fileEncoding = 4; lastKnownFileType = sourcecode.c.h; name = ILoginAccountMgr.h; path = MMEX_SDK/Interface/ILoginAccountMgr.h; sourceTree = "<group>"; };
		BED92E751DCB923200EFD601 /* LoginAccountMgr.h */ = {isa = PBXFileReference; fileEncoding = 4; lastKnownFileType = sourcecode.c.h; name = LoginAccountMgr.h; path = MMEX_SDK/Manager/LoginAccountMgr.h; sourceTree = "<group>"; };
		BED92E761DCB923200EFD601 /* LoginAccountMgr.m */ = {isa = PBXFileReference; fileEncoding = 4; lastKnownFileType = sourcecode.c.objc; name = LoginAccountMgr.m; path = MMEX_SDK/Manager/LoginAccountMgr.m; sourceTree = "<group>"; };
		BEF3980D1BFA017A0032EE8D /* Base */ = {isa = PBXFileReference; lastKnownFileType = file.xib; name = Base; path = Base.lproj/MMEXSetFavoriteSubAccountViewController.xib; sourceTree = "<group>"; };
		BEF398101BFA017D0032EE8D /* en */ = {isa = PBXFileReference; lastKnownFileType = text.plist.strings; name = en; path = en.lproj/MMEXSetFavoriteSubAccountViewController.strings; sourceTree = "<group>"; };
		BEF398121BFA017E0032EE8D /* zh-Hans */ = {isa = PBXFileReference; lastKnownFileType = text.plist.strings; name = "zh-Hans"; path = "zh-Hans.lproj/MMEXSetFavoriteSubAccountViewController.strings"; sourceTree = "<group>"; };
		C533A834D10059DD7860B201 /* Pods.release.xcconfig */ = {isa = PBXFileReference; includeInIndex = 1; lastKnownFileType = text.xcconfig; name = Pods.release.xcconfig; path = "Pods/Target Support Files/Pods/Pods.release.xcconfig"; sourceTree = "<group>"; };
/* End PBXFileReference section */

/* Begin PBXFrameworksBuildPhase section */
		BE9472731BE5F4EE001FF64C /* Frameworks */ = {
			isa = PBXFrameworksBuildPhase;
			buildActionMask = 2147483647;
			files = (
				BE6586771D51FCF50091FC7D /* ImageIO.framework in Frameworks */,
				B491D83263B13874A262C26D /* Pods.framework in Frameworks */,
			);
			runOnlyForDeploymentPostprocessing = 0;
		};
		BE94728F1BE5F4EE001FF64C /* Frameworks */ = {
			isa = PBXFrameworksBuildPhase;
			buildActionMask = 2147483647;
			files = (
			);
			runOnlyForDeploymentPostprocessing = 0;
		};
		BE94729A1BE5F4EE001FF64C /* Frameworks */ = {
			isa = PBXFrameworksBuildPhase;
			buildActionMask = 2147483647;
			files = (
			);
			runOnlyForDeploymentPostprocessing = 0;
		};
/* End PBXFrameworksBuildPhase section */

/* Begin PBXGroup section */
		321B3CEE3778B47A72E26FF6 /* Pods */ = {
			isa = PBXGroup;
			children = (
				0779C54BB00ED4E251D3FEAC /* Pods.debug.xcconfig */,
				C533A834D10059DD7860B201 /* Pods.release.xcconfig */,
			);
			name = Pods;
			sourceTree = "<group>";
		};
		6B930197299E611DFA23D00A /* Frameworks */ = {
			isa = PBXGroup;
			children = (
				BED92E701DCB7F1800EFD601 /* CoreMedia.framework */,
				BE6586761D51FCF50091FC7D /* ImageIO.framework */,
				AFED510AC7469D5BE768BB15 /* Pods.framework */,
			);
			name = Frameworks;
			sourceTree = "<group>";
		};
		BE067A791C1E6FB900F8B6F1 /* ViewControllerCategory */ = {
			isa = PBXGroup;
			children = (
				BE067A7A1C1E703800F8B6F1 /* UIViewController+MoneyManagerEx.h */,
				BE067A7B1C1E703800F8B6F1 /* UIViewController+MoneyManagerEx.m */,
			);
			name = ViewControllerCategory;
			sourceTree = "<group>";
		};
		BE067A7D1C1E795B00F8B6F1 /* Contacts Page */ = {
			isa = PBXGroup;
			children = (
				BE067A7E1C1E79EA00F8B6F1 /* MMEXContactsViewController.h */,
				BE067A7F1C1E79EA00F8B6F1 /* MMEXContactsViewController.m */,
				BE067A801C1E79EA00F8B6F1 /* MMEXContactsViewController.xib */,
				BE0BC0AF1D9AC9530084FC40 /* MMEXContactInfoViewController.h */,
				BE0BC0B01D9AC9530084FC40 /* MMEXContactInfoViewController.m */,
				BE0BC0B11D9AC9530084FC40 /* MMEXContactInfoViewController.xib */,
			);
			name = "Contacts Page";
			sourceTree = "<group>";
		};
		BE0772D81D914AF1000BF953 /* BankAccount */ = {
			isa = PBXGroup;
			children = (
				BE0772D91D914B45000BF953 /* BankAccountEditViewController.h */,
				BE0772DA1D914B45000BF953 /* BankAccountEditViewController.m */,
				BE0772DB1D914B45000BF953 /* BankAccountEditViewController.xib */,
			);
			name = BankAccount;
			sourceTree = "<group>";
		};
		BE086B621BEDF24800CEF360 /* Protocol */ = {
			isa = PBXGroup;
			children = (
				BE086B631BEDF28A00CEF360 /* MMEXDoneSettingGuideProtocol.h */,
			);
			name = Protocol;
			sourceTree = "<group>";
		};
		BE0BC0A91D9AC7BF0084FC40 /* CurrencyType */ = {
			isa = PBXGroup;
			children = (
				BE0BC0AA1D9AC83B0084FC40 /* CurrencyTypeInfoViewController.h */,
				BE0BC0AB1D9AC83B0084FC40 /* CurrencyTypeInfoViewController.m */,
				BE0BC0AC1D9AC83B0084FC40 /* CurrencyTypeInfoViewController.xib */,
			);
			name = CurrencyType;
			sourceTree = "<group>";
		};
		BE35F3DB1D3005CD004110A4 /* Model */ = {
			isa = PBXGroup;
			children = (
				BE35F3E31D30DF85004110A4 /* LoginInfoModel.h */,
				BE35F3E41D30DF85004110A4 /* LoginInfoModel.m */,
				BE35F3E71D30E12F004110A4 /* UserInfoModel.h */,
				BE35F3E81D30E12F004110A4 /* UserInfoModel.m */,
				BE35F3EA1D30E266004110A4 /* ContactModel.h */,
				BE35F3EB1D30E266004110A4 /* ContactModel.m */,
				BE35F3ED1D30E2FC004110A4 /* AccountModel.h */,
				BE35F3EE1D30E2FC004110A4 /* AccountModel.m */,
				BE35F3F01D30E374004110A4 /* MerchantModel.h */,
				BE35F3F11D30E374004110A4 /* MerchantModel.m */,
				BE35F3F31D30E6A5004110A4 /* CurrencyModel.h */,
				BE35F3F41D30E6A5004110A4 /* CurrencyModel.m */,
				BE35F3F61D30E824004110A4 /* TransactionTypeModel.h */,
				BE35F3F71D30E824004110A4 /* TransactionTypeModel.m */,
				BE35F3F91D30E8DE004110A4 /* TransactionModel.h */,
				BE35F3FA1D30E8DE004110A4 /* TransactionModel.m */,
			);
			name = Model;
			sourceTree = "<group>";
		};
		BE35F3DC1D30080B004110A4 /* Manager */ = {
			isa = PBXGroup;
			children = (
				BED92E751DCB923200EFD601 /* LoginAccountMgr.h */,
				BED92E761DCB923200EFD601 /* LoginAccountMgr.m */,
			);
			name = Manager;
			sourceTree = "<group>";
		};
		BE35F3FC1D30EB68004110A4 /* MMEX_DB */ = {
			isa = PBXGroup;
			children = (
				BE35F3FD1D30EB68004110A4 /* DBCenter */,
				BE35F4001D30EB68004110A4 /* Entity */,
				BE35F4231D30EB68004110A4 /* ObjectModel */,
			);
			name = MMEX_DB;
			path = MMEX_SDK/MMEX_DB;
			sourceTree = "<group>";
		};
		BE35F3FD1D30EB68004110A4 /* DBCenter */ = {
			isa = PBXGroup;
			children = (
				BE35F3FE1D30EB68004110A4 /* MoneyManagerExDBCenter.h */,
				BE35F3FF1D30EB68004110A4 /* MoneyManagerExDBCenter.m */,
			);
			path = DBCenter;
			sourceTree = "<group>";
		};
		BE35F4001D30EB68004110A4 /* Entity */ = {
			isa = PBXGroup;
			children = (
				BE35F4011D30EB68004110A4 /* Account+CoreDataProperties.h */,
				BE35F4021D30EB68004110A4 /* Account+CoreDataProperties.m */,
				BE35F4031D30EB68004110A4 /* Account.h */,
				BE35F4041D30EB68004110A4 /* Account.m */,
				BE35F4051D30EB68004110A4 /* BaseManagedObject.h */,
				BE35F4061D30EB68004110A4 /* BaseManagedObject.m */,
				BE35F4071D30EB68004110A4 /* Contacts+CoreDataProperties.h */,
				BE35F4081D30EB68004110A4 /* Contacts+CoreDataProperties.m */,
				BE35F4091D30EB68004110A4 /* Contacts.h */,
				BE35F40A1D30EB68004110A4 /* Contacts.m */,
				BE35F40B1D30EB68004110A4 /* Currency+CoreDataProperties.h */,
				BE35F40C1D30EB68004110A4 /* Currency+CoreDataProperties.m */,
				BE35F40D1D30EB68004110A4 /* Currency.h */,
				BE35F40E1D30EB68004110A4 /* Currency.m */,
				BE35F40F1D30EB68004110A4 /* LoginRecord+CoreDataProperties.h */,
				BE35F4101D30EB68004110A4 /* LoginRecord+CoreDataProperties.m */,
				BE35F4111D30EB68004110A4 /* LoginRecord.h */,
				BE35F4121D30EB68004110A4 /* LoginRecord.m */,
				BE35F4131D30EB68004110A4 /* Merchant+CoreDataProperties.h */,
				BE35F4141D30EB68004110A4 /* Merchant+CoreDataProperties.m */,
				BE35F4151D30EB68004110A4 /* Merchant.h */,
				BE35F4161D30EB68004110A4 /* Merchant.m */,
				BE35F4171D30EB68004110A4 /* Transaction+CoreDataProperties.h */,
				BE35F4181D30EB68004110A4 /* Transaction+CoreDataProperties.m */,
				BE35F4191D30EB68004110A4 /* Transaction.h */,
				BE35F41A1D30EB68004110A4 /* Transaction.m */,
				BE35F41B1D30EB68004110A4 /* TransactionType+CoreDataProperties.h */,
				BE35F41C1D30EB68004110A4 /* TransactionType+CoreDataProperties.m */,
				BE35F41D1D30EB68004110A4 /* TransactionType.h */,
				BE35F41E1D30EB68004110A4 /* TransactionType.m */,
				BE35F41F1D30EB68004110A4 /* UserInfo+CoreDataProperties.h */,
				BE35F4201D30EB68004110A4 /* UserInfo+CoreDataProperties.m */,
				BE35F4211D30EB68004110A4 /* UserInfo.h */,
				BE35F4221D30EB68004110A4 /* UserInfo.m */,
			);
			path = Entity;
			sourceTree = "<group>";
		};
		BE35F4231D30EB68004110A4 /* ObjectModel */ = {
			isa = PBXGroup;
			children = (
				BE35F4241D30EB68004110A4 /* MoneyManagerEx.xcdatamodeld */,
			);
			path = ObjectModel;
			sourceTree = "<group>";
		};
		BE618D831D96984000984C45 /* BasicInfo */ = {
			isa = PBXGroup;
			children = (
				BE618D841D9698A600984C45 /* CurrentUserBasicInfoViewController.h */,
				BE618D851D9698A600984C45 /* CurrentUserBasicInfoViewController.m */,
				BE618D861D9698A600984C45 /* CurrentUserBasicInfoViewController.xib */,
				BE618D891D969C4000984C45 /* MyNameViewController.h */,
				BE618D8A1D969C4000984C45 /* MyNameViewController.m */,
				BE618D8B1D969C4000984C45 /* MyNameViewController.xib */,
			);
			name = BasicInfo;
			sourceTree = "<group>";
		};
		BE618D8E1D97E85800984C45 /* picker */ = {
			isa = PBXGroup;
			children = (
				BE618D8F1D97EE1100984C45 /* MMEXGenderPickerView.h */,
				BE618D901D97EE1100984C45 /* MMEXGenderPickerView.m */,
				BE0BC0981D9AA8600084FC40 /* MMEXGenderPickerView.xib */,
				BE0BC09D1D9AA9320084FC40 /* MMEXDatePickerView.h */,
				BE0BC09E1D9AA9320084FC40 /* MMEXDatePickerView.m */,
				BE0BC0A41D9AC6970084FC40 /* MMEXDatePickerView.xib */,
			);
			name = picker;
			sourceTree = "<group>";
		};
		BE94726D1BE5F4EE001FF64C = {
			isa = PBXGroup;
			children = (
				BE9472781BE5F4EE001FF64C /* MoneyManagerEx */,
				BE9472951BE5F4EE001FF64C /* MoneyManagerExTests */,
				BE9472A01BE5F4EE001FF64C /* MoneyManagerExUITests */,
				BE9472771BE5F4EE001FF64C /* Products */,
				321B3CEE3778B47A72E26FF6 /* Pods */,
				6B930197299E611DFA23D00A /* Frameworks */,
			);
			sourceTree = "<group>";
		};
		BE9472771BE5F4EE001FF64C /* Products */ = {
			isa = PBXGroup;
			children = (
				BE9472761BE5F4EE001FF64C /* MoneyManagerEx.app */,
				BE9472921BE5F4EE001FF64C /* MoneyManagerExTests.xctest */,
				BE94729D1BE5F4EE001FF64C /* MoneyManagerExUITests.xctest */,
			);
			name = Products;
			sourceTree = "<group>";
		};
		BE9472781BE5F4EE001FF64C /* MoneyManagerEx */ = {
			isa = PBXGroup;
			children = (
				BE9472B01BE5F512001FF64C /* Application */,
				BE9472B81BE6063F001FF64C /* Macro */,
				BE9472AF1BE5F506001FF64C /* Helper */,
				BE9472B11BE600DD001FF64C /* Categories */,
				BE9472B61BE60222001FF64C /* Controller */,
				BE9472B71BE60230001FF64C /* View */,
				BE9472B31BE60140001FF64C /* MMEX_SDK */,
				BE9472B41BE6016C001FF64C /* Network */,
				BE9472B91BE6066E001FF64C /* Vendors */,
				BE9472B21BE600F4001FF64C /* Resource */,
				BE9472881BE5F4EE001FF64C /* Assets.xcassets */,
				BE94728A1BE5F4EE001FF64C /* LaunchScreen.storyboard */,
				BE086B5B1BEDEA1F00CEF360 /* Info.plist */,
				BE9472791BE5F4EE001FF64C /* Supporting Files */,
			);
			path = MoneyManagerEx;
			sourceTree = "<group>";
		};
		BE9472791BE5F4EE001FF64C /* Supporting Files */ = {
			isa = PBXGroup;
			children = (
				BE94727A1BE5F4EE001FF64C /* main.m */,
			);
			name = "Supporting Files";
			sourceTree = "<group>";
		};
		BE9472951BE5F4EE001FF64C /* MoneyManagerExTests */ = {
			isa = PBXGroup;
			children = (
				BE9472961BE5F4EE001FF64C /* MoneyManagerExTests.m */,
				BE9472981BE5F4EE001FF64C /* Info.plist */,
			);
			path = MoneyManagerExTests;
			sourceTree = "<group>";
		};
		BE9472A01BE5F4EE001FF64C /* MoneyManagerExUITests */ = {
			isa = PBXGroup;
			children = (
				BE9472A11BE5F4EE001FF64C /* MoneyManagerExUITests.m */,
				BE9472A31BE5F4EE001FF64C /* Info.plist */,
			);
			path = MoneyManagerExUITests;
			sourceTree = "<group>";
		};
		BE9472AF1BE5F506001FF64C /* Helper */ = {
			isa = PBXGroup;
			children = (
				BE89A7B61BF4144D00411171 /* MobileSystemHelper.h */,
				BE6E7C501BF8D50E00339A4B /* MobileDeviceHelper.h */,
				BE35F4391D30FDB2004110A4 /* StringUtility.h */,
				BE35F43A1D30FDB2004110A4 /* StringUtility.m */,
			);
			name = Helper;
			sourceTree = "<group>";
		};
		BE9472B01BE5F512001FF64C /* Application */ = {
			isa = PBXGroup;
			children = (
				BE9472C31BE60BFA001FF64C /* AppDelegate.h */,
				BE9472C41BE60BFA001FF64C /* AppDelegate.m */,
			);
			name = Application;
			sourceTree = "<group>";
		};
		BE9472B11BE600DD001FF64C /* Categories */ = {
			isa = PBXGroup;
			children = (
				BE8163481DCA37F400BF90EC /* UIImage+Crop.h */,
				BE8163491DCA37F400BF90EC /* UIImage+Crop.m */,
				BEBE59071DCBA2DD0084DD72 /* NSDate+Format.h */,
				BEBE59081DCBA2DD0084DD72 /* NSDate+Format.m */,
			);
			name = Categories;
			sourceTree = "<group>";
		};
		BE9472B21BE600F4001FF64C /* Resource */ = {
			isa = PBXGroup;
			children = (
				BE086B581BEDE91D00CEF360 /* Localizable.strings */,
			);
			name = Resource;
			sourceTree = "<group>";
		};
		BE9472B31BE60140001FF64C /* MMEX_SDK */ = {
			isa = PBXGroup;
			children = (
				BED92E731DCB900B00EFD601 /* Interface */,
				BE35F3FC1D30EB68004110A4 /* MMEX_DB */,
				BE35F3DC1D30080B004110A4 /* Manager */,
				BE35F3DB1D3005CD004110A4 /* Model */,
			);
			name = MMEX_SDK;
			sourceTree = "<group>";
		};
		BE9472B41BE6016C001FF64C /* Network */ = {
			isa = PBXGroup;
			children = (
			);
			name = Network;
			sourceTree = "<group>";
		};
		BE9472B61BE60222001FF64C /* Controller */ = {
			isa = PBXGroup;
			children = (
				BE067A791C1E6FB900F8B6F1 /* ViewControllerCategory */,
				BE086B621BEDF24800CEF360 /* Protocol */,
				BE9472BE1BE60A57001FF64C /* Account Page */,
				BE067A7D1C1E795B00F8B6F1 /* Contacts Page */,
				BE9472BF1BE60A57001FF64C /* Add Transaction Page */,
				BE9472C01BE60A57001FF64C /* Assets Page */,
				BE9472C11BE60A57001FF64C /* Guide Page */,
			);
			name = Controller;
			sourceTree = "<group>";
		};
		BE9472B71BE60230001FF64C /* View */ = {
			isa = PBXGroup;
			children = (
				BE618D8E1D97E85800984C45 /* picker */,
				BECE3E591D1450140075D562 /* BankAccount */,
				BECE3E4E1D12E7A70075D562 /* me */,
			);
			name = View;
			sourceTree = "<group>";
		};
		BE9472B81BE6063F001FF64C /* Macro */ = {
			isa = PBXGroup;
			children = (
				BE9472C21BE60B50001FF64C /* UserDefaultKeyDefine.h */,
				BE147CBF1D2CBB0F00E50791 /* MoneyManagerEx.pch */,
			);
			name = Macro;
			sourceTree = "<group>";
		};
		BE9472B91BE6066E001FF64C /* Vendors */ = {
			isa = PBXGroup;
			children = (
			);
			name = Vendors;
			sourceTree = "<group>";
		};
		BE9472BE1BE60A57001FF64C /* Account Page */ = {
			isa = PBXGroup;
			children = (
				BE0BC0A91D9AC7BF0084FC40 /* CurrencyType */,
				BE618D831D96984000984C45 /* BasicInfo */,
				BE0772D81D914AF1000BF953 /* BankAccount */,
				BE086B691BEDF59A00CEF360 /* MMEXMyAccountViewController.h */,
				BE086B6A1BEDF59A00CEF360 /* MMEXMyAccountViewController.m */,
				BE086B6B1BEDF59A00CEF360 /* MMEXMyAccountViewController.xib */,
				BE7288481D885661007687B5 /* MyBankAccountListViewController.h */,
				BE7288491D885661007687B5 /* MyBankAccountListViewController.m */,
				BE72884B1D885692007687B5 /* MyBankAccountListViewController.xib */,
				BE9009691D8EC56800A570D6 /* TransactionTypeListViewController.h */,
				BE90096A1D8EC56800A570D6 /* TransactionTypeListViewController.m */,
				BE90096B1D8EC56800A570D6 /* TransactionTypeListViewController.xib */,
				BE90096E1D8ECBCB00A570D6 /* SubTransactionTypeListViewController.h */,
				BE90096F1D8ECBCB00A570D6 /* SubTransactionTypeListViewController.m */,
				BE9009701D8ECBCB00A570D6 /* SubTransactionTypeListViewController.xib */,
				BEB7BA291D8ECE6A0065CE2A /* CurrencyTypeListViewController.h */,
				BEB7BA2A1D8ECE6A0065CE2A /* CurrencyTypeListViewController.m */,
				BEB7BA2B1D8ECE6A0065CE2A /* CurrencyTypeListViewController.xib */,
			);
			name = "Account Page";
			path = "Controller/Account Page";
			sourceTree = "<group>";
		};
		BE9472BF1BE60A57001FF64C /* Add Transaction Page */ = {
			isa = PBXGroup;
			children = (
				BE086B641BEDF53700CEF360 /* MMEXAddTransactionViewController.h */,
				BE086B651BEDF53700CEF360 /* MMEXAddTransactionViewController.m */,
				BE086B661BEDF53700CEF360 /* MMEXAddTransactionViewController.xib */,
			);
			name = "Add Transaction Page";
			path = "Controller/Add Transaction Page";
			sourceTree = "<group>";
		};
		BE9472C01BE60A57001FF64C /* Assets Page */ = {
			isa = PBXGroup;
			children = (
				BE086B6E1BEDF5C900CEF360 /* MMEXAssetsViewController.h */,
				BE086B6F1BEDF5C900CEF360 /* MMEXAssetsViewController.m */,
				BE086B701BEDF5C900CEF360 /* MMEXAssetsViewController.xib */,
				BEB7BA2E1D8ED2BB0065CE2A /* BankAccountViewController.h */,
				BEB7BA2F1D8ED2BB0065CE2A /* BankAccountViewController.m */,
				BEB7BA301D8ED2BB0065CE2A /* BankAccountViewController.xib */,
			);
			name = "Assets Page";
			path = "Controller/Assets Page";
			sourceTree = "<group>";
		};
		BE9472C11BE60A57001FF64C /* Guide Page */ = {
			isa = PBXGroup;
			children = (
				BE9472C61BE610F7001FF64C /* MMEXCreateFirstAccountGuideViewController.h */,
				BE9472C71BE610F7001FF64C /* MMEXCreateFirstAccountGuideViewController.m */,
				BE086B421BEDDFE200CEF360 /* MMEXCreateFirstAccountGuideViewController.xib */,
				BEAEC61A1BE9109300D11A05 /* MMEXStartPageViewController.h */,
				BEAEC61B1BE9109300D11A05 /* MMEXStartPageViewController.m */,
				BE086B491BEDE08600CEF360 /* MMEXStartPageViewController.xib */,
				BE086B5D1BEDEAF500CEF360 /* MMEXSelectDefaultCurrencyViewController.h */,
				BE086B5E1BEDEAF500CEF360 /* MMEXSelectDefaultCurrencyViewController.m */,
				BE086B5F1BEDEAF500CEF360 /* MMEXSelectDefaultCurrencyViewController.xib */,
				BEC14F201BEF946A00FF8D61 /* MMEXSetFavoriteSubAccountViewController.h */,
				BEC14F211BEF946A00FF8D61 /* MMEXSetFavoriteSubAccountViewController.m */,
				BEF3980E1BFA017A0032EE8D /* MMEXSetFavoriteSubAccountViewController.xib */,
			);
			name = "Guide Page";
			path = "Controller/Guide Page";
			sourceTree = "<group>";
		};
		BECE3E4E1D12E7A70075D562 /* me */ = {
			isa = PBXGroup;
			children = (
				BECE3E5A1D1450A90075D562 /* BasicInfo */,
				BECE3E4F1D12E8230075D562 /* MMEXMyAccountTableViewCell.h */,
				BECE3E501D12E8230075D562 /* MMEXMyAccountTableViewCell.m */,
				BECE3E511D12E8230075D562 /* MMEXMyAccountTableViewCell.xib */,
			);
			name = me;
			sourceTree = "<group>";
		};
		BECE3E591D1450140075D562 /* BankAccount */ = {
			isa = PBXGroup;
			children = (
				BE0772DF1D914C7B000BF953 /* BankAccountEditTableViewCell.h */,
				BE0772E01D914C7B000BF953 /* BankAccountEditTableViewCell.m */,
				BE618D721D93FE1900984C45 /* BankAccountEditTableViewCell.xib */,
			);
			name = BankAccount;
			sourceTree = "<group>";
		};
		BECE3E5A1D1450A90075D562 /* BasicInfo */ = {
			isa = PBXGroup;
			children = (
				BECE3E5B1D1450FC0075D562 /* EditBasicInfoTableViewCell.h */,
				BECE3E5C1D1450FC0075D562 /* EditBasicInfoTableViewCell.m */,
				BE618D7E1D94400E00984C45 /* EditBasicInfoTableViewCell.xib */,
				BE8163441DCA19D800BF90EC /* EditBasicInfoDelegate.h */,
			);
			name = BasicInfo;
			sourceTree = "<group>";
		};
		BED92E731DCB900B00EFD601 /* Interface */ = {
			isa = PBXGroup;
			children = (
				BED92E741DCB905500EFD601 /* ILoginAccountMgr.h */,
				BEBE58FD1DCB95880084DD72 /* IBaseMgr.h */,
				BEBE58FE1DCB964D0084DD72 /* MainMgr.h */,
				BEBE58FF1DCB964D0084DD72 /* MainMgr.m */,
				BEBE59011DCB96B20084DD72 /* MMEX.h */,
				BEBE59021DCB96B20084DD72 /* MMEX.m */,
			);
			name = Interface;
			sourceTree = "<group>";
		};
/* End PBXGroup section */

/* Begin PBXNativeTarget section */
		BE9472751BE5F4EE001FF64C /* MoneyManagerEx */ = {
			isa = PBXNativeTarget;
			buildConfigurationList = BE9472A61BE5F4EE001FF64C /* Build configuration list for PBXNativeTarget "MoneyManagerEx" */;
			buildPhases = (
				A704902830D0F01F8C1209EA /* Check Pods Manifest.lock */,
				BE9472721BE5F4EE001FF64C /* Sources */,
				BE9472731BE5F4EE001FF64C /* Frameworks */,
				BE9472741BE5F4EE001FF64C /* Resources */,
				037D8A95C59BF6AAFB6D9EA6 /* Embed Pods Frameworks */,
				477F96E6B55F2CBC4F8BBCF8 /* Copy Pods Resources */,
			);
			buildRules = (
			);
			dependencies = (
			);
			name = MoneyManagerEx;
			productName = MoneyManagerEx;
			productReference = BE9472761BE5F4EE001FF64C /* MoneyManagerEx.app */;
			productType = "com.apple.product-type.application";
		};
		BE9472911BE5F4EE001FF64C /* MoneyManagerExTests */ = {
			isa = PBXNativeTarget;
			buildConfigurationList = BE9472A91BE5F4EE001FF64C /* Build configuration list for PBXNativeTarget "MoneyManagerExTests" */;
			buildPhases = (
				BE94728E1BE5F4EE001FF64C /* Sources */,
				BE94728F1BE5F4EE001FF64C /* Frameworks */,
				BE9472901BE5F4EE001FF64C /* Resources */,
			);
			buildRules = (
			);
			dependencies = (
				BE9472941BE5F4EE001FF64C /* PBXTargetDependency */,
			);
			name = MoneyManagerExTests;
			productName = MoneyManagerExTests;
			productReference = BE9472921BE5F4EE001FF64C /* MoneyManagerExTests.xctest */;
			productType = "com.apple.product-type.bundle.unit-test";
		};
		BE94729C1BE5F4EE001FF64C /* MoneyManagerExUITests */ = {
			isa = PBXNativeTarget;
			buildConfigurationList = BE9472AC1BE5F4EE001FF64C /* Build configuration list for PBXNativeTarget "MoneyManagerExUITests" */;
			buildPhases = (
				BE9472991BE5F4EE001FF64C /* Sources */,
				BE94729A1BE5F4EE001FF64C /* Frameworks */,
				BE94729B1BE5F4EE001FF64C /* Resources */,
			);
			buildRules = (
			);
			dependencies = (
				BE94729F1BE5F4EE001FF64C /* PBXTargetDependency */,
			);
			name = MoneyManagerExUITests;
			productName = MoneyManagerExUITests;
			productReference = BE94729D1BE5F4EE001FF64C /* MoneyManagerExUITests.xctest */;
			productType = "com.apple.product-type.bundle.ui-testing";
		};
/* End PBXNativeTarget section */

/* Begin PBXProject section */
		BE94726E1BE5F4EE001FF64C /* Project object */ = {
			isa = PBXProject;
			attributes = {
				LastUpgradeCheck = 0710;
				ORGANIZATIONNAME = taotao;
				TargetAttributes = {
					BE9472751BE5F4EE001FF64C = {
						CreatedOnToolsVersion = 7.1;
						DevelopmentTeam = Z63APZ72SR;
						LastSwiftMigration = 0810;
						ProvisioningStyle = Automatic;
					};
					BE9472911BE5F4EE001FF64C = {
						CreatedOnToolsVersion = 7.1;
						TestTargetID = BE9472751BE5F4EE001FF64C;
					};
					BE94729C1BE5F4EE001FF64C = {
						CreatedOnToolsVersion = 7.1;
						TestTargetID = BE9472751BE5F4EE001FF64C;
					};
				};
			};
			buildConfigurationList = BE9472711BE5F4EE001FF64C /* Build configuration list for PBXProject "MoneyManagerEx" */;
			compatibilityVersion = "Xcode 3.2";
			developmentRegion = English;
			hasScannedForEncodings = 0;
			knownRegions = (
				en,
				Base,
				"zh-Hans",
			);
			mainGroup = BE94726D1BE5F4EE001FF64C;
			productRefGroup = BE9472771BE5F4EE001FF64C /* Products */;
			projectDirPath = "";
			projectRoot = "";
			targets = (
				BE9472751BE5F4EE001FF64C /* MoneyManagerEx */,
				BE9472911BE5F4EE001FF64C /* MoneyManagerExTests */,
				BE94729C1BE5F4EE001FF64C /* MoneyManagerExUITests */,
			);
		};
/* End PBXProject section */

/* Begin PBXResourcesBuildPhase section */
		BE9472741BE5F4EE001FF64C /* Resources */ = {
			isa = PBXResourcesBuildPhase;
			buildActionMask = 2147483647;
			files = (
				BE618D881D9698A600984C45 /* CurrentUserBasicInfoViewController.xib in Resources */,
				BE618D8D1D969C4000984C45 /* MyNameViewController.xib in Resources */,
				BE086B561BEDE91D00CEF360 /* Localizable.strings in Resources */,
				BE0BC0961D9AA8600084FC40 /* MMEXGenderPickerView.xib in Resources */,
				BE067A821C1E79EA00F8B6F1 /* MMEXContactsViewController.xib in Resources */,
				BE94728C1BE5F4EE001FF64C /* LaunchScreen.storyboard in Resources */,
				BE0BC0B31D9AC9530084FC40 /* MMEXContactInfoViewController.xib in Resources */,
				BE086B721BEDF5C900CEF360 /* MMEXAssetsViewController.xib in Resources */,
				BEB7BA2D1D8ECE6A0065CE2A /* CurrencyTypeListViewController.xib in Resources */,
				BE0772DD1D914B45000BF953 /* BankAccountEditViewController.xib in Resources */,
				BE086B681BEDF53700CEF360 /* MMEXAddTransactionViewController.xib in Resources */,
				BEB7BA321D8ED2BB0065CE2A /* BankAccountViewController.xib in Resources */,
				BE086B5C1BEDEA1F00CEF360 /* Info.plist in Resources */,
				BE086B6D1BEDF59A00CEF360 /* MMEXMyAccountViewController.xib in Resources */,
				BE086B611BEDEAF500CEF360 /* MMEXSelectDefaultCurrencyViewController.xib in Resources */,
				BECE3E531D12E8230075D562 /* MMEXMyAccountTableViewCell.xib in Resources */,
				BE618D7C1D94400E00984C45 /* EditBasicInfoTableViewCell.xib in Resources */,
				BE618D701D93FE1900984C45 /* BankAccountEditTableViewCell.xib in Resources */,
				BE72884C1D885692007687B5 /* MyBankAccountListViewController.xib in Resources */,
				BE90096D1D8EC56800A570D6 /* TransactionTypeListViewController.xib in Resources */,
				BE0BC0A21D9AC6970084FC40 /* MMEXDatePickerView.xib in Resources */,
				BEF3980C1BFA017A0032EE8D /* MMEXSetFavoriteSubAccountViewController.xib in Resources */,
				BE086B471BEDE08600CEF360 /* MMEXStartPageViewController.xib in Resources */,
				BE086B401BEDDFE200CEF360 /* MMEXCreateFirstAccountGuideViewController.xib in Resources */,
				BE0BC0AE1D9AC83B0084FC40 /* CurrencyTypeInfoViewController.xib in Resources */,
				BE9009721D8ECBCB00A570D6 /* SubTransactionTypeListViewController.xib in Resources */,
				BE9472891BE5F4EE001FF64C /* Assets.xcassets in Resources */,
			);
			runOnlyForDeploymentPostprocessing = 0;
		};
		BE9472901BE5F4EE001FF64C /* Resources */ = {
			isa = PBXResourcesBuildPhase;
			buildActionMask = 2147483647;
			files = (
			);
			runOnlyForDeploymentPostprocessing = 0;
		};
		BE94729B1BE5F4EE001FF64C /* Resources */ = {
			isa = PBXResourcesBuildPhase;
			buildActionMask = 2147483647;
			files = (
			);
			runOnlyForDeploymentPostprocessing = 0;
		};
/* End PBXResourcesBuildPhase section */

/* Begin PBXShellScriptBuildPhase section */
		037D8A95C59BF6AAFB6D9EA6 /* Embed Pods Frameworks */ = {
			isa = PBXShellScriptBuildPhase;
			buildActionMask = 2147483647;
			files = (
			);
			inputPaths = (
			);
			name = "Embed Pods Frameworks";
			outputPaths = (
			);
			runOnlyForDeploymentPostprocessing = 0;
			shellPath = /bin/sh;
			shellScript = "\"${SRCROOT}/Pods/Target Support Files/Pods/Pods-frameworks.sh\"\n";
			showEnvVarsInLog = 0;
		};
		477F96E6B55F2CBC4F8BBCF8 /* Copy Pods Resources */ = {
			isa = PBXShellScriptBuildPhase;
			buildActionMask = 2147483647;
			files = (
			);
			inputPaths = (
			);
			name = "Copy Pods Resources";
			outputPaths = (
			);
			runOnlyForDeploymentPostprocessing = 0;
			shellPath = /bin/sh;
			shellScript = "\"${SRCROOT}/Pods/Target Support Files/Pods/Pods-resources.sh\"\n";
			showEnvVarsInLog = 0;
		};
		A704902830D0F01F8C1209EA /* Check Pods Manifest.lock */ = {
			isa = PBXShellScriptBuildPhase;
			buildActionMask = 2147483647;
			files = (
			);
			inputPaths = (
			);
			name = "Check Pods Manifest.lock";
			outputPaths = (
			);
			runOnlyForDeploymentPostprocessing = 0;
			shellPath = /bin/sh;
			shellScript = "diff \"${PODS_ROOT}/../Podfile.lock\" \"${PODS_ROOT}/Manifest.lock\" > /dev/null\nif [[ $? != 0 ]] ; then\n    cat << EOM\nerror: The sandbox is not in sync with the Podfile.lock. Run 'pod install' or update your CocoaPods installation.\nEOM\n    exit 1\nfi\n";
			showEnvVarsInLog = 0;
		};
/* End PBXShellScriptBuildPhase section */

/* Begin PBXSourcesBuildPhase section */
		BE9472721BE5F4EE001FF64C /* Sources */ = {
			isa = PBXSourcesBuildPhase;
			buildActionMask = 2147483647;
			files = (
				BEBE59031DCB96B20084DD72 /* MMEX.m in Sources */,
				BE35F42F1D30EB68004110A4 /* LoginRecord.m in Sources */,
				BE35F4381D30EB68004110A4 /* MoneyManagerEx.xcdatamodeld in Sources */,
				BE35F3E91D30E12F004110A4 /* UserInfoModel.m in Sources */,
				BE067A811C1E79EA00F8B6F1 /* MMEXContactsViewController.m in Sources */,
				BE35F42C1D30EB68004110A4 /* Currency+CoreDataProperties.m in Sources */,
				BE35F3FB1D30E8DE004110A4 /* TransactionModel.m in Sources */,
				BE9472C51BE60BFA001FF64C /* AppDelegate.m in Sources */,
				BE35F4301D30EB68004110A4 /* Merchant+CoreDataProperties.m in Sources */,
				BE0772DC1D914B45000BF953 /* BankAccountEditViewController.m in Sources */,
				BEAEC61D1BE9109300D11A05 /* MMEXStartPageViewController.m in Sources */,
				BE35F4371D30EB68004110A4 /* UserInfo.m in Sources */,
				BE35F42A1D30EB68004110A4 /* Contacts+CoreDataProperties.m in Sources */,
				BE35F4321D30EB68004110A4 /* Transaction+CoreDataProperties.m in Sources */,
				BE35F3F51D30E6A5004110A4 /* CurrencyModel.m in Sources */,
				BE35F4291D30EB68004110A4 /* BaseManagedObject.m in Sources */,
				BE35F4271D30EB68004110A4 /* Account+CoreDataProperties.m in Sources */,
				BE618D911D97EE1100984C45 /* MMEXGenderPickerView.m in Sources */,
				BEB7BA2C1D8ECE6A0065CE2A /* CurrencyTypeListViewController.m in Sources */,
				BE35F4281D30EB68004110A4 /* Account.m in Sources */,
				BE086B671BEDF53700CEF360 /* MMEXAddTransactionViewController.m in Sources */,
				BE72884A1D885661007687B5 /* MyBankAccountListViewController.m in Sources */,
				BECE3E521D12E8230075D562 /* MMEXMyAccountTableViewCell.m in Sources */,
				BE35F42D1D30EB68004110A4 /* Currency.m in Sources */,
				BE90096C1D8EC56800A570D6 /* TransactionTypeListViewController.m in Sources */,
				BED92E771DCB923200EFD601 /* LoginAccountMgr.m in Sources */,
				BE35F4351D30EB68004110A4 /* TransactionType.m in Sources */,
				BE35F4341D30EB68004110A4 /* TransactionType+CoreDataProperties.m in Sources */,
				BE618D8C1D969C4000984C45 /* MyNameViewController.m in Sources */,
				BEBE59001DCB964D0084DD72 /* MainMgr.m in Sources */,
				BE35F4331D30EB68004110A4 /* Transaction.m in Sources */,
				BE618D871D9698A600984C45 /* CurrentUserBasicInfoViewController.m in Sources */,
				BE9472C91BE610F7001FF64C /* MMEXCreateFirstAccountGuideViewController.m in Sources */,
				BE067A7C1C1E703800F8B6F1 /* UIViewController+MoneyManagerEx.m in Sources */,
				BE94727B1BE5F4EE001FF64C /* main.m in Sources */,
				BE35F3F81D30E824004110A4 /* TransactionTypeModel.m in Sources */,
				BE35F43B1D30FDB2004110A4 /* StringUtility.m in Sources */,
				BE0772E21D914C7B000BF953 /* BankAccountEditTableViewCell.m in Sources */,
				BE35F4311D30EB68004110A4 /* Merchant.m in Sources */,
				BEC14F231BEF946A00FF8D61 /* MMEXSetFavoriteSubAccountViewController.m in Sources */,
				BE81634A1DCA37F400BF90EC /* UIImage+Crop.m in Sources */,
				BECE3E5E1D1450FC0075D562 /* EditBasicInfoTableViewCell.m in Sources */,
				BE086B601BEDEAF500CEF360 /* MMEXSelectDefaultCurrencyViewController.m in Sources */,
				BE35F42B1D30EB68004110A4 /* Contacts.m in Sources */,
				BE0BC0AD1D9AC83B0084FC40 /* CurrencyTypeInfoViewController.m in Sources */,
				BE35F3EC1D30E266004110A4 /* ContactModel.m in Sources */,
				BE9009711D8ECBCB00A570D6 /* SubTransactionTypeListViewController.m in Sources */,
				BE35F3EF1D30E2FC004110A4 /* AccountModel.m in Sources */,
				BEBE59091DCBA2DD0084DD72 /* NSDate+Format.m in Sources */,
				BE35F3F21D30E374004110A4 /* MerchantModel.m in Sources */,
				BE35F4361D30EB68004110A4 /* UserInfo+CoreDataProperties.m in Sources */,
				BE0BC0B21D9AC9530084FC40 /* MMEXContactInfoViewController.m in Sources */,
				BE0BC09F1D9AA9320084FC40 /* MMEXDatePickerView.m in Sources */,
				BEB7BA311D8ED2BB0065CE2A /* BankAccountViewController.m in Sources */,
				BE086B711BEDF5C900CEF360 /* MMEXAssetsViewController.m in Sources */,
				BE35F3E51D30DF85004110A4 /* LoginInfoModel.m in Sources */,
				BE086B6C1BEDF59A00CEF360 /* MMEXMyAccountViewController.m in Sources */,
				BE35F42E1D30EB68004110A4 /* LoginRecord+CoreDataProperties.m in Sources */,
				BE35F4261D30EB68004110A4 /* MoneyManagerExDBCenter.m in Sources */,
			);
			runOnlyForDeploymentPostprocessing = 0;
		};
		BE94728E1BE5F4EE001FF64C /* Sources */ = {
			isa = PBXSourcesBuildPhase;
			buildActionMask = 2147483647;
			files = (
				BE9472971BE5F4EE001FF64C /* MoneyManagerExTests.m in Sources */,
			);
			runOnlyForDeploymentPostprocessing = 0;
		};
		BE9472991BE5F4EE001FF64C /* Sources */ = {
			isa = PBXSourcesBuildPhase;
			buildActionMask = 2147483647;
			files = (
				BE9472A21BE5F4EE001FF64C /* MoneyManagerExUITests.m in Sources */,
			);
			runOnlyForDeploymentPostprocessing = 0;
		};
/* End PBXSourcesBuildPhase section */

/* Begin PBXTargetDependency section */
		BE9472941BE5F4EE001FF64C /* PBXTargetDependency */ = {
			isa = PBXTargetDependency;
			target = BE9472751BE5F4EE001FF64C /* MoneyManagerEx */;
			targetProxy = BE9472931BE5F4EE001FF64C /* PBXContainerItemProxy */;
		};
		BE94729F1BE5F4EE001FF64C /* PBXTargetDependency */ = {
			isa = PBXTargetDependency;
			target = BE9472751BE5F4EE001FF64C /* MoneyManagerEx */;
			targetProxy = BE94729E1BE5F4EE001FF64C /* PBXContainerItemProxy */;
		};
/* End PBXTargetDependency section */

/* Begin PBXVariantGroup section */
		BE086B421BEDDFE200CEF360 /* MMEXCreateFirstAccountGuideViewController.xib */ = {
			isa = PBXVariantGroup;
			children = (
				BE086B411BEDDFE200CEF360 /* Base */,
				BE086B441BEDDFE500CEF360 /* en */,
				BE086B451BEDE07100CEF360 /* zh-Hans */,
			);
			name = MMEXCreateFirstAccountGuideViewController.xib;
			sourceTree = "<group>";
		};
		BE086B491BEDE08600CEF360 /* MMEXStartPageViewController.xib */ = {
			isa = PBXVariantGroup;
			children = (
				BE086B481BEDE08600CEF360 /* Base */,
				BE086B4B1BEDE08900CEF360 /* en */,
				BE086B4D1BEDE08A00CEF360 /* zh-Hans */,
			);
			name = MMEXStartPageViewController.xib;
			sourceTree = "<group>";
		};
		BE086B581BEDE91D00CEF360 /* Localizable.strings */ = {
			isa = PBXVariantGroup;
			children = (
				BE086B571BEDE91D00CEF360 /* Base */,
				BE086B591BEDE91F00CEF360 /* en */,
				BE086B5A1BEDE92000CEF360 /* zh-Hans */,
			);
			name = Localizable.strings;
			path = Resource;
			sourceTree = "<group>";
		};
		BE0BC0981D9AA8600084FC40 /* MMEXGenderPickerView.xib */ = {
			isa = PBXVariantGroup;
			children = (
				BE0BC0971D9AA8600084FC40 /* Base */,
				BE0BC09A1D9AA88A0084FC40 /* en */,
				BE0BC09C1D9AA88C0084FC40 /* zh-Hans */,
			);
			name = MMEXGenderPickerView.xib;
			path = View/CustomView;
			sourceTree = "<group>";
		};
		BE0BC0A41D9AC6970084FC40 /* MMEXDatePickerView.xib */ = {
			isa = PBXVariantGroup;
			children = (
				BE0BC0A31D9AC6970084FC40 /* Base */,
				BE0BC0A61D9AC69A0084FC40 /* en */,
				BE0BC0A81D9AC69B0084FC40 /* zh-Hans */,
			);
			name = MMEXDatePickerView.xib;
			path = View/CustomView;
			sourceTree = "<group>";
		};
		BE618D721D93FE1900984C45 /* BankAccountEditTableViewCell.xib */ = {
			isa = PBXVariantGroup;
			children = (
				BE618D731D93FE2000984C45 /* Base */,
				BE618D791D942BB700984C45 /* en */,
				BE618D7B1D942BBB00984C45 /* zh-Hans */,
			);
			name = BankAccountEditTableViewCell.xib;
			path = View/BankAccount;
			sourceTree = "<group>";
		};
		BE618D7E1D94400E00984C45 /* EditBasicInfoTableViewCell.xib */ = {
			isa = PBXVariantGroup;
			children = (
				BE618D7D1D94400E00984C45 /* Base */,
				BE618D801D94401200984C45 /* en */,
				BE618D821D94401400984C45 /* zh-Hans */,
			);
			name = EditBasicInfoTableViewCell.xib;
			path = View/Me/BasicInfo;
			sourceTree = "<group>";
		};
		BE94728A1BE5F4EE001FF64C /* LaunchScreen.storyboard */ = {
			isa = PBXVariantGroup;
			children = (
				BE94728B1BE5F4EE001FF64C /* Base */,
				BE086B461BEDE07100CEF360 /* zh-Hans */,
				BE086B4F1BEDE09100CEF360 /* en */,
			);
			name = LaunchScreen.storyboard;
			sourceTree = "<group>";
		};
		BEF3980E1BFA017A0032EE8D /* MMEXSetFavoriteSubAccountViewController.xib */ = {
			isa = PBXVariantGroup;
			children = (
				BEF3980D1BFA017A0032EE8D /* Base */,
				BEF398101BFA017D0032EE8D /* en */,
				BEF398121BFA017E0032EE8D /* zh-Hans */,
			);
			name = MMEXSetFavoriteSubAccountViewController.xib;
			sourceTree = "<group>";
		};
/* End PBXVariantGroup section */

/* Begin XCBuildConfiguration section */
		BE9472A41BE5F4EE001FF64C /* Debug */ = {
			isa = XCBuildConfiguration;
			buildSettings = {
				ALWAYS_SEARCH_USER_PATHS = NO;
				CLANG_CXX_LANGUAGE_STANDARD = "gnu++0x";
				CLANG_CXX_LIBRARY = "libc++";
				CLANG_ENABLE_MODULES = YES;
				CLANG_ENABLE_OBJC_ARC = YES;
				CLANG_WARN_BOOL_CONVERSION = YES;
				CLANG_WARN_CONSTANT_CONVERSION = YES;
				CLANG_WARN_DIRECT_OBJC_ISA_USAGE = YES_ERROR;
				CLANG_WARN_EMPTY_BODY = YES;
				CLANG_WARN_ENUM_CONVERSION = YES;
				CLANG_WARN_INT_CONVERSION = YES;
				CLANG_WARN_OBJC_ROOT_CLASS = YES_ERROR;
				CLANG_WARN_UNREACHABLE_CODE = YES;
				CLANG_WARN__DUPLICATE_METHOD_MATCH = YES;
				"CODE_SIGN_IDENTITY[sdk=iphoneos*]" = "iPhone Developer";
				COPY_PHASE_STRIP = NO;
				DEBUG_INFORMATION_FORMAT = dwarf;
				ENABLE_STRICT_OBJC_MSGSEND = YES;
				ENABLE_TESTABILITY = YES;
				GCC_C_LANGUAGE_STANDARD = gnu99;
				GCC_DYNAMIC_NO_PIC = NO;
				GCC_NO_COMMON_BLOCKS = YES;
				GCC_OPTIMIZATION_LEVEL = 0;
				GCC_PREPROCESSOR_DEFINITIONS = (
					"DEBUG=1",
					"$(inherited)",
				);
				GCC_WARN_64_TO_32_BIT_CONVERSION = YES;
				GCC_WARN_ABOUT_RETURN_TYPE = YES_ERROR;
				GCC_WARN_UNDECLARED_SELECTOR = YES;
				GCC_WARN_UNINITIALIZED_AUTOS = YES_AGGRESSIVE;
				GCC_WARN_UNUSED_FUNCTION = YES;
				GCC_WARN_UNUSED_VARIABLE = YES;
				IPHONEOS_DEPLOYMENT_TARGET = 8.0;
				MTL_ENABLE_DEBUG_INFO = YES;
				ONLY_ACTIVE_ARCH = YES;
				SDKROOT = iphoneos;
			};
			name = Debug;
		};
		BE9472A51BE5F4EE001FF64C /* Release */ = {
			isa = XCBuildConfiguration;
			buildSettings = {
				ALWAYS_SEARCH_USER_PATHS = NO;
				CLANG_CXX_LANGUAGE_STANDARD = "gnu++0x";
				CLANG_CXX_LIBRARY = "libc++";
				CLANG_ENABLE_MODULES = YES;
				CLANG_ENABLE_OBJC_ARC = YES;
				CLANG_WARN_BOOL_CONVERSION = YES;
				CLANG_WARN_CONSTANT_CONVERSION = YES;
				CLANG_WARN_DIRECT_OBJC_ISA_USAGE = YES_ERROR;
				CLANG_WARN_EMPTY_BODY = YES;
				CLANG_WARN_ENUM_CONVERSION = YES;
				CLANG_WARN_INT_CONVERSION = YES;
				CLANG_WARN_OBJC_ROOT_CLASS = YES_ERROR;
				CLANG_WARN_UNREACHABLE_CODE = YES;
				CLANG_WARN__DUPLICATE_METHOD_MATCH = YES;
				"CODE_SIGN_IDENTITY[sdk=iphoneos*]" = "iPhone Developer";
				COPY_PHASE_STRIP = NO;
				DEBUG_INFORMATION_FORMAT = "dwarf-with-dsym";
				ENABLE_NS_ASSERTIONS = NO;
				ENABLE_STRICT_OBJC_MSGSEND = YES;
				GCC_C_LANGUAGE_STANDARD = gnu99;
				GCC_NO_COMMON_BLOCKS = YES;
				GCC_WARN_64_TO_32_BIT_CONVERSION = YES;
				GCC_WARN_ABOUT_RETURN_TYPE = YES_ERROR;
				GCC_WARN_UNDECLARED_SELECTOR = YES;
				GCC_WARN_UNINITIALIZED_AUTOS = YES_AGGRESSIVE;
				GCC_WARN_UNUSED_FUNCTION = YES;
				GCC_WARN_UNUSED_VARIABLE = YES;
				IPHONEOS_DEPLOYMENT_TARGET = 8.0;
				MTL_ENABLE_DEBUG_INFO = NO;
				SDKROOT = iphoneos;
				VALIDATE_PRODUCT = YES;
			};
			name = Release;
		};
		BE9472A71BE5F4EE001FF64C /* Debug */ = {
			isa = XCBuildConfiguration;
			baseConfigurationReference = 0779C54BB00ED4E251D3FEAC /* Pods.debug.xcconfig */;
			buildSettings = {
				ASSETCATALOG_COMPILER_APPICON_NAME = AppIcon;
				"CODE_SIGN_IDENTITY[sdk=iphoneos*]" = "iPhone Developer";
				DEVELOPMENT_TEAM = Z63APZ72SR;
				GCC_PREFIX_HEADER = MoneyManagerEx/Macro/MoneyManagerEx.pch;
				INFOPLIST_FILE = MoneyManagerEx/Info.plist;
				IPHONEOS_DEPLOYMENT_TARGET = 8.0;
				LD_RUNPATH_SEARCH_PATHS = "$(inherited) @executable_path/Frameworks";
				PRODUCT_BUNDLE_IDENTIFIER = com.mmex;
				PRODUCT_NAME = "$(TARGET_NAME)";
				PROVISIONING_PROFILE = "";
				PROVISIONING_PROFILE_SPECIFIER = "";
				SWIFT_VERSION = 3.0;
				TARGETED_DEVICE_FAMILY = 1;
			};
			name = Debug;
		};
		BE9472A81BE5F4EE001FF64C /* Release */ = {
			isa = XCBuildConfiguration;
			baseConfigurationReference = C533A834D10059DD7860B201 /* Pods.release.xcconfig */;
			buildSettings = {
				ASSETCATALOG_COMPILER_APPICON_NAME = AppIcon;
				"CODE_SIGN_IDENTITY[sdk=iphoneos*]" = "iPhone Developer";
				DEVELOPMENT_TEAM = Z63APZ72SR;
				GCC_PREFIX_HEADER = MoneyManagerEx/Macro/MoneyManagerEx.pch;
				INFOPLIST_FILE = MoneyManagerEx/Info.plist;
				IPHONEOS_DEPLOYMENT_TARGET = 8.0;
				LD_RUNPATH_SEARCH_PATHS = "$(inherited) @executable_path/Frameworks";
				PRODUCT_BUNDLE_IDENTIFIER = com.mmex;
				PRODUCT_NAME = "$(TARGET_NAME)";
				PROVISIONING_PROFILE = "";
				PROVISIONING_PROFILE_SPECIFIER = "";
				SWIFT_VERSION = 3.0;
				TARGETED_DEVICE_FAMILY = 1;
			};
			name = Release;
		};
		BE9472AA1BE5F4EE001FF64C /* Debug */ = {
			isa = XCBuildConfiguration;
			buildSettings = {
				BUNDLE_LOADER = "$(TEST_HOST)";
				INFOPLIST_FILE = MoneyManagerExTests/Info.plist;
				LD_RUNPATH_SEARCH_PATHS = "$(inherited) @executable_path/Frameworks @loader_path/Frameworks";
				PRODUCT_BUNDLE_IDENTIFIER = taotao.MoneyManagerExTests;
				PRODUCT_NAME = "$(TARGET_NAME)";
				TEST_HOST = "$(BUILT_PRODUCTS_DIR)/MoneyManagerEx.app/MoneyManagerEx";
			};
			name = Debug;
		};
		BE9472AB1BE5F4EE001FF64C /* Release */ = {
			isa = XCBuildConfiguration;
			buildSettings = {
				BUNDLE_LOADER = "$(TEST_HOST)";
				INFOPLIST_FILE = MoneyManagerExTests/Info.plist;
				LD_RUNPATH_SEARCH_PATHS = "$(inherited) @executable_path/Frameworks @loader_path/Frameworks";
				PRODUCT_BUNDLE_IDENTIFIER = taotao.MoneyManagerExTests;
				PRODUCT_NAME = "$(TARGET_NAME)";
				TEST_HOST = "$(BUILT_PRODUCTS_DIR)/MoneyManagerEx.app/MoneyManagerEx";
			};
			name = Release;
		};
		BE9472AD1BE5F4EE001FF64C /* Debug */ = {
			isa = XCBuildConfiguration;
			buildSettings = {
				INFOPLIST_FILE = MoneyManagerExUITests/Info.plist;
				LD_RUNPATH_SEARCH_PATHS = "$(inherited) @executable_path/Frameworks @loader_path/Frameworks";
				PRODUCT_BUNDLE_IDENTIFIER = taotao.MoneyManagerExUITests;
				PRODUCT_NAME = "$(TARGET_NAME)";
				TEST_TARGET_NAME = MoneyManagerEx;
				USES_XCTRUNNER = YES;
			};
			name = Debug;
		};
		BE9472AE1BE5F4EE001FF64C /* Release */ = {
			isa = XCBuildConfiguration;
			buildSettings = {
				INFOPLIST_FILE = MoneyManagerExUITests/Info.plist;
				LD_RUNPATH_SEARCH_PATHS = "$(inherited) @executable_path/Frameworks @loader_path/Frameworks";
				PRODUCT_BUNDLE_IDENTIFIER = taotao.MoneyManagerExUITests;
				PRODUCT_NAME = "$(TARGET_NAME)";
				TEST_TARGET_NAME = MoneyManagerEx;
				USES_XCTRUNNER = YES;
			};
			name = Release;
		};
/* End XCBuildConfiguration section */

/* Begin XCConfigurationList section */
		BE9472711BE5F4EE001FF64C /* Build configuration list for PBXProject "MoneyManagerEx" */ = {
			isa = XCConfigurationList;
			buildConfigurations = (
				BE9472A41BE5F4EE001FF64C /* Debug */,
				BE9472A51BE5F4EE001FF64C /* Release */,
			);
			defaultConfigurationIsVisible = 0;
			defaultConfigurationName = Debug;
		};
		BE9472A61BE5F4EE001FF64C /* Build configuration list for PBXNativeTarget "MoneyManagerEx" */ = {
			isa = XCConfigurationList;
			buildConfigurations = (
				BE9472A71BE5F4EE001FF64C /* Debug */,
				BE9472A81BE5F4EE001FF64C /* Release */,
			);
			defaultConfigurationIsVisible = 0;
			defaultConfigurationName = Debug;
		};
		BE9472A91BE5F4EE001FF64C /* Build configuration list for PBXNativeTarget "MoneyManagerExTests" */ = {
			isa = XCConfigurationList;
			buildConfigurations = (
				BE9472AA1BE5F4EE001FF64C /* Debug */,
				BE9472AB1BE5F4EE001FF64C /* Release */,
			);
			defaultConfigurationIsVisible = 0;
			defaultConfigurationName = Debug;
		};
		BE9472AC1BE5F4EE001FF64C /* Build configuration list for PBXNativeTarget "MoneyManagerExUITests" */ = {
			isa = XCConfigurationList;
			buildConfigurations = (
				BE9472AD1BE5F4EE001FF64C /* Debug */,
				BE9472AE1BE5F4EE001FF64C /* Release */,
			);
			defaultConfigurationIsVisible = 0;
			defaultConfigurationName = Debug;
		};
/* End XCConfigurationList section */

/* Begin XCVersionGroup section */
		BE35F4241D30EB68004110A4 /* MoneyManagerEx.xcdatamodeld */ = {
			isa = XCVersionGroup;
			children = (
				BE35F4251D30EB68004110A4 /* MoneyManagerEx.xcdatamodel */,
			);
			currentVersion = BE35F4251D30EB68004110A4 /* MoneyManagerEx.xcdatamodel */;
			path = MoneyManagerEx.xcdatamodeld;
			sourceTree = "<group>";
			versionGroupType = wrapper.xcdatamodel;
		};
/* End XCVersionGroup section */
	};
	rootObject = BE94726E1BE5F4EE001FF64C /* Project object */;
}
